
Microsoft Visual Studio Solution File, Format Version 12.00
# Visual Studio Version 17
VisualStudioVersion = 17.0.31903.59
MinimumVisualStudioVersion = 10.0.40219.1
Project("{2150E333-8FDC-42A3-9474-1A3956D46DE8}") = "Xunit.Asserts", "Xunit.Asserts", "{ED123AD4-4D23-42F3-B869-4492A974E7B5}"
EndProject
Project("{FAE04EC0-301F-11D3-BF4B-00C04F79EFBC}") = "Bearz.Xunit.Asserts", "Xunit.Asserts\src\Bearz.Xunit.Asserts.csproj", "{2A087488-8DEF-4BA2-98C9-8B3583492955}"
EndProject
Project("{FAE04EC0-301F-11D3-BF4B-00C04F79EFBC}") = "Mettle.Xunit.Asserts.Tests", "Xunit.Asserts\test\Mettle.Xunit.Asserts.Tests.csproj", "{10817D0D-667B-4D02-8A25-79ECDF653A33}"
EndProject
Project("{2150E333-8FDC-42A3-9474-1A3956D46DE8}") = "Xunit.Attributes", "Xunit.Attributes", "{76A1454C-8BF3-4FE6-BC99-78C2F8A0315D}"
EndProject
Project("{FAE04EC0-301F-11D3-BF4B-00C04F79EFBC}") = "Bearz.Xunit.Attributes", "Xunit.Attributes\src\Bearz.Xunit.Attributes.csproj", "{A48DFA5A-2D74-4DA3-B6CC-E0E1A50D8415}"
EndProject
Project("{FAE04EC0-301F-11D3-BF4B-00C04F79EFBC}") = "Bearz.Xunit.Attributes.Tests", "Xunit.Attributes\test\Bearz.Xunit.Attributes.Tests.csproj", "{84D26A69-B376-48AA-8DBC-471C8A48659E}"
EndProject
Project("{2150E333-8FDC-42A3-9474-1A3956D46DE8}") = "Xunit.Core", "Xunit.Core", "{7C523BB4-AAA5-4693-8C8B-1BC3FDB984C1}"
EndProject
Project("{FAE04EC0-301F-11D3-BF4B-00C04F79EFBC}") = "Bearz.Xunit.Core", "Xunit.Core\src\Bearz.Xunit.Core.csproj", "{55719537-A248-46E4-9B60-F3C341A8636F}"
EndProject
Project("{FAE04EC0-301F-11D3-BF4B-00C04F79EFBC}") = "Bearz.Xunit.Core.Tests", "Xunit.Core\test\Bearz.Xunit.Core.Tests.csproj", "{B49A2519-9979-4739-98BF-47AD48AEFC8A}"
EndProject
Project("{FAE04EC0-301F-11D3-BF4B-00C04F79EFBC}") = "Internal", "internal\Internal.csproj", "{155CB58A-2CE9-4AE9-9911-31454E129C3A}"
EndProject
Project("{2150E333-8FDC-42A3-9474-1A3956D46DE8}") = "Standard", "Standard", "{2B8C1E43-C9C1-4444-A971-0892B7512C54}"
EndProject
Project("{FAE04EC0-301F-11D3-BF4B-00C04F79EFBC}") = "Bearz.Standard", "Standard\src\Bearz.Standard.csproj", "{F6085432-0F68-4EFF-98E6-F95ACA0BEC5F}"
EndProject
Project("{FAE04EC0-301F-11D3-BF4B-00C04F79EFBC}") = "Bearz.Stardard.Tests", "Standard\test\Bearz.Stardard.Tests.csproj", "{396FED7C-F0A9-4386-B44B-F0F4995DA1FA}"
EndProject
Project("{2150E333-8FDC-42A3-9474-1A3956D46DE8}") = "Extensions.Hosting.CommandLine", "Extensions.Hosting.CommandLine", "{A8E0099E-586B-4798-8683-5C7304F88C0D}"
EndProject
Project("{FAE04EC0-301F-11D3-BF4B-00C04F79EFBC}") = "Bearz.Extensions.Hosting.CommandLine", "Extensions.Hosting.CommandLine\src\Bearz.Extensions.Hosting.CommandLine.csproj", "{F6E722B6-0D07-4B0B-88CA-41099EFAC174}"
EndProject
Project("{2150E333-8FDC-42A3-9474-1A3956D46DE8}") = "Text.DotEnv", "Text.DotEnv", "{08A2B1D4-A419-4A97-8B43-686359EBA7CC}"
EndProject
Project("{FAE04EC0-301F-11D3-BF4B-00C04F79EFBC}") = "Bearz.Text.DotEnv", "Text.DotEnv\src\Bearz.Text.DotEnv.csproj", "{A35143EE-1154-42F0-9C9A-2E1815D26879}"
EndProject
Project("{2150E333-8FDC-42A3-9474-1A3956D46DE8}") = "Security.Cryptography", "Security.Cryptography", "{A92EFD0C-FF93-40A1-ABEB-D7D5DC5D3A57}"
EndProject
Project("{FAE04EC0-301F-11D3-BF4B-00C04F79EFBC}") = "Bearz.Security.Cryptography", "Security.Cryptography\src\Bearz.Security.Cryptography.csproj", "{9455EB19-58C5-4E97-85C4-70FFFF66C612}"
EndProject
Project("{2150E333-8FDC-42A3-9474-1A3956D46DE8}") = "Security.Cryptography.X509Certificates", "Security.Cryptography.X509Certificates", "{0D073794-3059-4620-885B-4082DE68FC8B}"
EndProject
Project("{FAE04EC0-301F-11D3-BF4B-00C04F79EFBC}") = "Bearz.Security.Cryptography.X509Certificates", "Security.Cryptography.X509Certificates\src\Bearz.Security.Cryptography.X509Certificates.csproj", "{32BACBDE-3FB1-42B3-B829-70F937F49A52}"
EndProject
Project("{2150E333-8FDC-42A3-9474-1A3956D46DE8}") = "Extensions.Configuration.EnvironmentVariables", "Extensions.Configuration.EnvironmentVariables", "{EF609593-CF87-44E9-985C-C3F00D53A2A8}"
EndProject
Project("{FAE04EC0-301F-11D3-BF4B-00C04F79EFBC}") = "Bearz.Extensions.Configuration.EnvironmentVariables", "Extensions.Configuration.EnvironmentVariables\src\Bearz.Extensions.Configuration.EnvironmentVariables.csproj", "{79F8D6ED-CA58-4EB6-BCF5-B8AA44AC68F7}"
EndProject
Project("{2150E333-8FDC-42A3-9474-1A3956D46DE8}") = ".root", ".root", "{C1485CB6-859E-40A4-B5B1-C4D5D8235694}"
	ProjectSection(SolutionItems) = preProject
		Directory.Packages.props = Directory.Packages.props
		Directory.Build.targets = Directory.Build.targets
		Directory.Build.props = Directory.Build.props
		justfile = justfile
		omnisharp.json = omnisharp.json
		version.json = version.json
	EndProjectSection
EndProject
Global
	GlobalSection(SolutionConfigurationPlatforms) = preSolution
		Debug|Any CPU = Debug|Any CPU
		Release|Any CPU = Release|Any CPU
	EndGlobalSection
	GlobalSection(SolutionProperties) = preSolution
		HideSolutionNode = FALSE
	EndGlobalSection
	GlobalSection(ProjectConfigurationPlatforms) = postSolution
		{2A087488-8DEF-4BA2-98C9-8B3583492955}.Debug|Any CPU.ActiveCfg = Debug|Any CPU
		{2A087488-8DEF-4BA2-98C9-8B3583492955}.Debug|Any CPU.Build.0 = Debug|Any CPU
		{2A087488-8DEF-4BA2-98C9-8B3583492955}.Release|Any CPU.ActiveCfg = Release|Any CPU
		{2A087488-8DEF-4BA2-98C9-8B3583492955}.Release|Any CPU.Build.0 = Release|Any CPU
		{10817D0D-667B-4D02-8A25-79ECDF653A33}.Debug|Any CPU.ActiveCfg = Debug|Any CPU
		{10817D0D-667B-4D02-8A25-79ECDF653A33}.Debug|Any CPU.Build.0 = Debug|Any CPU
		{10817D0D-667B-4D02-8A25-79ECDF653A33}.Release|Any CPU.ActiveCfg = Release|Any CPU
		{10817D0D-667B-4D02-8A25-79ECDF653A33}.Release|Any CPU.Build.0 = Release|Any CPU
		{A48DFA5A-2D74-4DA3-B6CC-E0E1A50D8415}.Debug|Any CPU.ActiveCfg = Debug|Any CPU
		{A48DFA5A-2D74-4DA3-B6CC-E0E1A50D8415}.Debug|Any CPU.Build.0 = Debug|Any CPU
		{A48DFA5A-2D74-4DA3-B6CC-E0E1A50D8415}.Release|Any CPU.ActiveCfg = Release|Any CPU
		{A48DFA5A-2D74-4DA3-B6CC-E0E1A50D8415}.Release|Any CPU.Build.0 = Release|Any CPU
		{84D26A69-B376-48AA-8DBC-471C8A48659E}.Debug|Any CPU.ActiveCfg = Debug|Any CPU
		{84D26A69-B376-48AA-8DBC-471C8A48659E}.Debug|Any CPU.Build.0 = Debug|Any CPU
		{84D26A69-B376-48AA-8DBC-471C8A48659E}.Release|Any CPU.ActiveCfg = Release|Any CPU
		{84D26A69-B376-48AA-8DBC-471C8A48659E}.Release|Any CPU.Build.0 = Release|Any CPU
		{55719537-A248-46E4-9B60-F3C341A8636F}.Debug|Any CPU.ActiveCfg = Debug|Any CPU
		{55719537-A248-46E4-9B60-F3C341A8636F}.Debug|Any CPU.Build.0 = Debug|Any CPU
		{55719537-A248-46E4-9B60-F3C341A8636F}.Release|Any CPU.ActiveCfg = Release|Any CPU
		{55719537-A248-46E4-9B60-F3C341A8636F}.Release|Any CPU.Build.0 = Release|Any CPU
		{B49A2519-9979-4739-98BF-47AD48AEFC8A}.Debug|Any CPU.ActiveCfg = Debug|Any CPU
		{B49A2519-9979-4739-98BF-47AD48AEFC8A}.Debug|Any CPU.Build.0 = Debug|Any CPU
		{B49A2519-9979-4739-98BF-47AD48AEFC8A}.Release|Any CPU.ActiveCfg = Release|Any CPU
		{B49A2519-9979-4739-98BF-47AD48AEFC8A}.Release|Any CPU.Build.0 = Release|Any CPU
		{155CB58A-2CE9-4AE9-9911-31454E129C3A}.Debug|Any CPU.ActiveCfg = Debug|Any CPU
		{155CB58A-2CE9-4AE9-9911-31454E129C3A}.Debug|Any CPU.Build.0 = Debug|Any CPU
		{155CB58A-2CE9-4AE9-9911-31454E129C3A}.Release|Any CPU.ActiveCfg = Release|Any CPU
		{155CB58A-2CE9-4AE9-9911-31454E129C3A}.Release|Any CPU.Build.0 = Release|Any CPU
		{F6085432-0F68-4EFF-98E6-F95ACA0BEC5F}.Debug|Any CPU.ActiveCfg = Debug|Any CPU
		{F6085432-0F68-4EFF-98E6-F95ACA0BEC5F}.Debug|Any CPU.Build.0 = Debug|Any CPU
		{F6085432-0F68-4EFF-98E6-F95ACA0BEC5F}.Release|Any CPU.ActiveCfg = Release|Any CPU
		{F6085432-0F68-4EFF-98E6-F95ACA0BEC5F}.Release|Any CPU.Build.0 = Release|Any CPU
		{396FED7C-F0A9-4386-B44B-F0F4995DA1FA}.Debug|Any CPU.ActiveCfg = Debug|Any CPU
		{396FED7C-F0A9-4386-B44B-F0F4995DA1FA}.Debug|Any CPU.Build.0 = Debug|Any CPU
		{396FED7C-F0A9-4386-B44B-F0F4995DA1FA}.Release|Any CPU.ActiveCfg = Release|Any CPU
		{396FED7C-F0A9-4386-B44B-F0F4995DA1FA}.Release|Any CPU.Build.0 = Release|Any CPU
		{F6E722B6-0D07-4B0B-88CA-41099EFAC174}.Debug|Any CPU.ActiveCfg = Debug|Any CPU
		{F6E722B6-0D07-4B0B-88CA-41099EFAC174}.Debug|Any CPU.Build.0 = Debug|Any CPU
		{F6E722B6-0D07-4B0B-88CA-41099EFAC174}.Release|Any CPU.ActiveCfg = Release|Any CPU
		{F6E722B6-0D07-4B0B-88CA-41099EFAC174}.Release|Any CPU.Build.0 = Release|Any CPU
		{A35143EE-1154-42F0-9C9A-2E1815D26879}.Debug|Any CPU.ActiveCfg = Debug|Any CPU
		{A35143EE-1154-42F0-9C9A-2E1815D26879}.Debug|Any CPU.Build.0 = Debug|Any CPU
		{A35143EE-1154-42F0-9C9A-2E1815D26879}.Release|Any CPU.ActiveCfg = Release|Any CPU
		{A35143EE-1154-42F0-9C9A-2E1815D26879}.Release|Any CPU.Build.0 = Release|Any CPU
		{9455EB19-58C5-4E97-85C4-70FFFF66C612}.Debug|Any CPU.ActiveCfg = Debug|Any CPU
		{9455EB19-58C5-4E97-85C4-70FFFF66C612}.Debug|Any CPU.Build.0 = Debug|Any CPU
		{9455EB19-58C5-4E97-85C4-70FFFF66C612}.Release|Any CPU.ActiveCfg = Release|Any CPU
		{9455EB19-58C5-4E97-85C4-70FFFF66C612}.Release|Any CPU.Build.0 = Release|Any CPU
		{32BACBDE-3FB1-42B3-B829-70F937F49A52}.Debug|Any CPU.ActiveCfg = Debug|Any CPU
		{32BACBDE-3FB1-42B3-B829-70F937F49A52}.Debug|Any CPU.Build.0 = Debug|Any CPU
		{32BACBDE-3FB1-42B3-B829-70F937F49A52}.Release|Any CPU.ActiveCfg = Release|Any CPU
		{32BACBDE-3FB1-42B3-B829-70F937F49A52}.Release|Any CPU.Build.0 = Release|Any CPU
		{79F8D6ED-CA58-4EB6-BCF5-B8AA44AC68F7}.Debug|Any CPU.ActiveCfg = Debug|Any CPU
		{79F8D6ED-CA58-4EB6-BCF5-B8AA44AC68F7}.Debug|Any CPU.Build.0 = Debug|Any CPU
		{79F8D6ED-CA58-4EB6-BCF5-B8AA44AC68F7}.Release|Any CPU.ActiveCfg = Release|Any CPU
		{79F8D6ED-CA58-4EB6-BCF5-B8AA44AC68F7}.Release|Any CPU.Build.0 = Release|Any CPU
	EndGlobalSection
	GlobalSection(NestedProjects) = preSolution
		{2A087488-8DEF-4BA2-98C9-8B3583492955} = {ED123AD4-4D23-42F3-B869-4492A974E7B5}
		{10817D0D-667B-4D02-8A25-79ECDF653A33} = {ED123AD4-4D23-42F3-B869-4492A974E7B5}
		{A48DFA5A-2D74-4DA3-B6CC-E0E1A50D8415} = {76A1454C-8BF3-4FE6-BC99-78C2F8A0315D}
		{84D26A69-B376-48AA-8DBC-471C8A48659E} = {76A1454C-8BF3-4FE6-BC99-78C2F8A0315D}
		{55719537-A248-46E4-9B60-F3C341A8636F} = {7C523BB4-AAA5-4693-8C8B-1BC3FDB984C1}
		{B49A2519-9979-4739-98BF-47AD48AEFC8A} = {7C523BB4-AAA5-4693-8C8B-1BC3FDB984C1}
		{F6085432-0F68-4EFF-98E6-F95ACA0BEC5F} = {2B8C1E43-C9C1-4444-A971-0892B7512C54}
		{396FED7C-F0A9-4386-B44B-F0F4995DA1FA} = {2B8C1E43-C9C1-4444-A971-0892B7512C54}
		{F6E722B6-0D07-4B0B-88CA-41099EFAC174} = {A8E0099E-586B-4798-8683-5C7304F88C0D}
		{A35143EE-1154-42F0-9C9A-2E1815D26879} = {08A2B1D4-A419-4A97-8B43-686359EBA7CC}
		{9455EB19-58C5-4E97-85C4-70FFFF66C612} = {A92EFD0C-FF93-40A1-ABEB-D7D5DC5D3A57}
		{32BACBDE-3FB1-42B3-B829-70F937F49A52} = {0D073794-3059-4620-885B-4082DE68FC8B}
		{79F8D6ED-CA58-4EB6-BCF5-B8AA44AC68F7} = {EF609593-CF87-44E9-985C-C3F00D53A2A8}
	EndGlobalSection
EndGlobal
