
Microsoft Visual Studio Solution File, Format Version 12.00
# Visual Studio Version 17
VisualStudioVersion = 17.0.31903.59
MinimumVisualStudioVersion = 10.0.40219.1
Project("{2150E333-8FDC-42A3-9474-1A3956D46DE8}") = "Xunit.Asserts", "Xunit.Asserts", "{ED123AD4-4D23-42F3-B869-4492A974E7B5}"
EndProject
Project("{FAE04EC0-301F-11D3-BF4B-00C04F79EFBC}") = "Bearz.Xunit.Asserts", "Xunit.Asserts\src\Bearz.Xunit.Asserts.csproj", "{2A087488-8DEF-4BA2-98C9-8B3583492955}"
EndProject
Project("{FAE04EC0-301F-11D3-BF4B-00C04F79EFBC}") = "Mettle.Xunit.Asserts.Tests", "Xunit.Asserts\test\Mettle.Xunit.Asserts.Tests.csproj", "{10817D0D-667B-4D02-8A25-79ECDF653A33}"
EndProject
Project("{2150E333-8FDC-42A3-9474-1A3956D46DE8}") = "Xunit.Attributes", "Xunit.Attributes", "{76A1454C-8BF3-4FE6-BC99-78C2F8A0315D}"
EndProject
Project("{FAE04EC0-301F-11D3-BF4B-00C04F79EFBC}") = "Bearz.Xunit.Attributes", "Xunit.Attributes\src\Bearz.Xunit.Attributes.csproj", "{A48DFA5A-2D74-4DA3-B6CC-E0E1A50D8415}"
EndProject
Project("{FAE04EC0-301F-11D3-BF4B-00C04F79EFBC}") = "Bearz.Xunit.Attributes.Tests", "Xunit.Attributes\test\Bearz.Xunit.Attributes.Tests.csproj", "{84D26A69-B376-48AA-8DBC-471C8A48659E}"
EndProject
Project("{2150E333-8FDC-42A3-9474-1A3956D46DE8}") = "Xunit.Core", "Xunit.Core", "{7C523BB4-AAA5-4693-8C8B-1BC3FDB984C1}"
EndProject
Project("{FAE04EC0-301F-11D3-BF4B-00C04F79EFBC}") = "Bearz.Xunit.Core", "Xunit.Core\src\Bearz.Xunit.Core.csproj", "{55719537-A248-46E4-9B60-F3C341A8636F}"
EndProject
Project("{FAE04EC0-301F-11D3-BF4B-00C04F79EFBC}") = "Bearz.Xunit.Core.Tests", "Xunit.Core\test\Bearz.Xunit.Core.Tests.csproj", "{B49A2519-9979-4739-98BF-47AD48AEFC8A}"
EndProject
Project("{FAE04EC0-301F-11D3-BF4B-00C04F79EFBC}") = "Internal", "internal\Internal.csproj", "{155CB58A-2CE9-4AE9-9911-31454E129C3A}"
EndProject
Project("{2150E333-8FDC-42A3-9474-1A3956D46DE8}") = "Standard", "Standard", "{2B8C1E43-C9C1-4444-A971-0892B7512C54}"
EndProject
Project("{FAE04EC0-301F-11D3-BF4B-00C04F79EFBC}") = "Bearz.Standard", "Standard\src\Bearz.Standard.csproj", "{F6085432-0F68-4EFF-98E6-F95ACA0BEC5F}"
EndProject
Project("{FAE04EC0-301F-11D3-BF4B-00C04F79EFBC}") = "Bearz.Stardard.Tests", "Standard\test\Bearz.Stardard.Tests.csproj", "{396FED7C-F0A9-4386-B44B-F0F4995DA1FA}"
EndProject
Project("{2150E333-8FDC-42A3-9474-1A3956D46DE8}") = "Extensions.Hosting.CommandLine", "Extensions.Hosting.CommandLine", "{A8E0099E-586B-4798-8683-5C7304F88C0D}"
EndProject
Project("{FAE04EC0-301F-11D3-BF4B-00C04F79EFBC}") = "Bearz.Extensions.Hosting.CommandLine", "Extensions.Hosting.CommandLine\src\Bearz.Extensions.Hosting.CommandLine.csproj", "{F6E722B6-0D07-4B0B-88CA-41099EFAC174}"
EndProject
Project("{2150E333-8FDC-42A3-9474-1A3956D46DE8}") = "Text.DotEnv", "Text.DotEnv", "{08A2B1D4-A419-4A97-8B43-686359EBA7CC}"
EndProject
Project("{FAE04EC0-301F-11D3-BF4B-00C04F79EFBC}") = "Bearz.Text.DotEnv", "Text.DotEnv\src\Bearz.Text.DotEnv.csproj", "{A35143EE-1154-42F0-9C9A-2E1815D26879}"
EndProject
Project("{2150E333-8FDC-42A3-9474-1A3956D46DE8}") = "Security.Cryptography", "Security.Cryptography", "{A92EFD0C-FF93-40A1-ABEB-D7D5DC5D3A57}"
EndProject
Project("{FAE04EC0-301F-11D3-BF4B-00C04F79EFBC}") = "Bearz.Security.Cryptography", "Security.Cryptography\src\Bearz.Security.Cryptography.csproj", "{9455EB19-58C5-4E97-85C4-70FFFF66C612}"
EndProject
Project("{2150E333-8FDC-42A3-9474-1A3956D46DE8}") = "Security.Cryptography.X509Certificates", "Security.Cryptography.X509Certificates", "{0D073794-3059-4620-885B-4082DE68FC8B}"
EndProject
Project("{FAE04EC0-301F-11D3-BF4B-00C04F79EFBC}") = "Bearz.Security.Cryptography.X509Certificates", "Security.Cryptography.X509Certificates\src\Bearz.Security.Cryptography.X509Certificates.csproj", "{32BACBDE-3FB1-42B3-B829-70F937F49A52}"
EndProject
Project("{2150E333-8FDC-42A3-9474-1A3956D46DE8}") = "Extensions.Configuration.EnvironmentVariables", "Extensions.Configuration.EnvironmentVariables", "{EF609593-CF87-44E9-985C-C3F00D53A2A8}"
EndProject
Project("{FAE04EC0-301F-11D3-BF4B-00C04F79EFBC}") = "Bearz.Extensions.Configuration.EnvironmentVariables", "Extensions.Configuration.EnvironmentVariables\src\Bearz.Extensions.Configuration.EnvironmentVariables.csproj", "{79F8D6ED-CA58-4EB6-BCF5-B8AA44AC68F7}"
EndProject
Project("{2150E333-8FDC-42A3-9474-1A3956D46DE8}") = ".root", ".root", "{C1485CB6-859E-40A4-B5B1-C4D5D8235694}"
	ProjectSection(SolutionItems) = preProject
		justfile = justfile
		omnisharp.json = omnisharp.json
		..\Directory.Build.props = ..\Directory.Build.props
		..\Directory.Build.targets = ..\Directory.Build.targets
		..\Directory.Packages.props = ..\Directory.Packages.props
		..\version.json = ..\version.json
	EndProjectSection
EndProject
Project("{2150E333-8FDC-42A3-9474-1A3956D46DE8}") = "Templates.Handlebars", "Templates.Handlebars", "{6362B6A5-A985-4EB3-94F1-672EEB0DCF7F}"
EndProject
Project("{FAE04EC0-301F-11D3-BF4B-00C04F79EFBC}") = "Bearz.Templates.Handlebars", "Templates.Handlebars\src\Bearz.Templates.Handlebars.csproj", "{DC1ECA4E-8F6D-4334-922D-6AA43D99AABC}"
EndProject
Project("{2150E333-8FDC-42A3-9474-1A3956D46DE8}") = "Extensions.Secrets.Abstractions", "Extensions.Secrets.Abstractions", "{014D5A89-03AE-4A2E-82CC-EDD52FF1FDA4}"
EndProject
Project("{FAE04EC0-301F-11D3-BF4B-00C04F79EFBC}") = "Bearz.Extensions.Secrets.Abstractions", "Extensions.Secrets.Abstractions\src\Bearz.Extensions.Secrets.Abstractions.csproj", "{833FC25F-3445-48CE-806C-321F427EFA4F}"
EndProject
Project("{2150E333-8FDC-42A3-9474-1A3956D46DE8}") = "Extensions.Secrets", "Extensions.Secrets", "{771590B7-EEC8-450D-B90C-08E83CB3A5A7}"
EndProject
Project("{FAE04EC0-301F-11D3-BF4B-00C04F79EFBC}") = "Bearz.Extensions.Secrets", "Extensions.Secrets\src\Bearz.Extensions.Secrets.csproj", "{204BD0CE-4102-44DD-AB4C-D3A0992694C0}"
EndProject
Project("{2150E333-8FDC-42A3-9474-1A3956D46DE8}") = "Virtual.Environment.Abstractions", "Virtual.Environment.Abstractions", "{B6A0649F-1AEB-45C6-BBC0-F7DC6000079C}"
EndProject
Project("{FAE04EC0-301F-11D3-BF4B-00C04F79EFBC}") = "Bearz.Virtual.Environment.Abstractions", "Virtual.Environment.Abstractions\src\Bearz.Virtual.Environment.Abstractions.csproj", "{2900E35C-E718-48EB-9B1E-7AF0CFC33B70}"
EndProject
Project("{2150E333-8FDC-42A3-9474-1A3956D46DE8}") = "Virtual.Environment", "Virtual.Environment", "{CE30A9EB-390E-4898-83F4-6880F5711482}"
EndProject
Project("{FAE04EC0-301F-11D3-BF4B-00C04F79EFBC}") = "Bearz.Virtual.Environment", "Virtual.Environment\src\Bearz.Virtual.Environment.csproj", "{95DBA93D-A658-4F9B-A586-AE0DC32AF5BA}"
EndProject
Project("{2150E333-8FDC-42A3-9474-1A3956D46DE8}") = "Virtual.FileSystem.Abstractions", "Virtual.FileSystem.Abstractions", "{5523855A-4529-4533-86C2-045DEE8783C5}"
EndProject
Project("{FAE04EC0-301F-11D3-BF4B-00C04F79EFBC}") = "Bearz.Virtual.FileSystem.Abstractions", "Virtual.FileSystem.Abstractions\src\Bearz.Virtual.FileSystem.Abstractions.csproj", "{E5E95E7E-4557-4E69-BB8F-64D0FC8E8618}"
EndProject
Project("{2150E333-8FDC-42A3-9474-1A3956D46DE8}") = "Virtual.FileSystem", "Virtual.FileSystem", "{C82749FB-3676-4DA8-A762-01970FE54227}"
EndProject
Project("{FAE04EC0-301F-11D3-BF4B-00C04F79EFBC}") = "Bearz.Virtual.FileSystem", "Virtual.FileSystem\src\Bearz.Virtual.FileSystem.csproj", "{EAF33227-8AFD-4550-BDA2-C476014C7A74}"
EndProject
Project("{2150E333-8FDC-42A3-9474-1A3956D46DE8}") = "Extensions.Logging.Abstractions", "Extensions.Logging.Abstractions", "{FDF53107-D328-429E-A4AF-3474DFEC534A}"
EndProject
Project("{FAE04EC0-301F-11D3-BF4B-00C04F79EFBC}") = "Bearz.Extensions.Logging.Abstractions", "Extensions.Logging.Abstractions\src\Bearz.Extensions.Logging.Abstractions.csproj", "{9830167B-71F9-46C7-95FD-FB4F94FE4966}"
EndProject
Project("{2150E333-8FDC-42A3-9474-1A3956D46DE8}") = "Extensions.Logging", "Extensions.Logging", "{1A0EC544-68D1-4EA8-A921-A797D7B4B12F}"
EndProject
Project("{FAE04EC0-301F-11D3-BF4B-00C04F79EFBC}") = "Bearz.Extensions.Logging", "Extensions.Logging\src\Bearz.Extensions.Logging.csproj", "{E23BAD9C-5D3B-4A6E-827B-74AB00E41FA3}"
EndProject
Project("{2150E333-8FDC-42A3-9474-1A3956D46DE8}") = "Extensions.Caching", "Extensions.Caching", "{2458F488-CA90-418C-BD45-FCFE945F217C}"
EndProject
Project("{FAE04EC0-301F-11D3-BF4B-00C04F79EFBC}") = "Bearz.Extensions.Caching", "Extensions.Caching\src\Bearz.Extensions.Caching.csproj", "{A67AEC00-2818-4B70-A6C5-29088F36D662}"
EndProject
Project("{2150E333-8FDC-42A3-9474-1A3956D46DE8}") = "Extensions.Caching.Abstractions", "Extensions.Caching.Abstractions", "{85130B53-D809-4E33-AF09-7BD129827FC7}"
EndProject
Project("{FAE04EC0-301F-11D3-BF4B-00C04F79EFBC}") = "Bearz.Extensions.Caching.Abstractions", "Extensions.Caching.Abstractions\src\Bearz.Extensions.Caching.Abstractions.csproj", "{C04A6FE1-E257-4EA0-8354-638E82CCD4FC}"
EndProject
Project("{2150E333-8FDC-42A3-9474-1A3956D46DE8}") = "Extensions.Console.Abstractions", "Extensions.Console.Abstractions", "{03548DA2-469B-457B-AC03-4BDAA4914D6B}"
EndProject
Project("{FAE04EC0-301F-11D3-BF4B-00C04F79EFBC}") = "Bearz.Extensions.Console.Abstractions", "Extensions.Console.Abstractions\src\Bearz.Extensions.Console.Abstractions.csproj", "{23A911CF-A1F8-446B-B2CA-9A74803A4B61}"
EndProject
Project("{2150E333-8FDC-42A3-9474-1A3956D46DE8}") = "Extensions.Console", "Extensions.Console", "{5AEEE55E-EEEF-4A50-8BA1-A5E3B1EF97EA}"
EndProject
Project("{FAE04EC0-301F-11D3-BF4B-00C04F79EFBC}") = "Bearz.Extensions.Console", "Extensions.Console\src\Bearz.Extensions.Console.csproj", "{76B6D626-9867-40DA-9A89-C11269422AB5}"
EndProject
Global
	GlobalSection(SolutionConfigurationPlatforms) = preSolution
		Debug|Any CPU = Debug|Any CPU
		Release|Any CPU = Release|Any CPU
	EndGlobalSection
	GlobalSection(SolutionProperties) = preSolution
		HideSolutionNode = FALSE
	EndGlobalSection
	GlobalSection(ProjectConfigurationPlatforms) = postSolution
		{2A087488-8DEF-4BA2-98C9-8B3583492955}.Debug|Any CPU.ActiveCfg = Debug|Any CPU
		{2A087488-8DEF-4BA2-98C9-8B3583492955}.Debug|Any CPU.Build.0 = Debug|Any CPU
		{2A087488-8DEF-4BA2-98C9-8B3583492955}.Release|Any CPU.ActiveCfg = Release|Any CPU
		{2A087488-8DEF-4BA2-98C9-8B3583492955}.Release|Any CPU.Build.0 = Release|Any CPU
		{10817D0D-667B-4D02-8A25-79ECDF653A33}.Debug|Any CPU.ActiveCfg = Debug|Any CPU
		{10817D0D-667B-4D02-8A25-79ECDF653A33}.Debug|Any CPU.Build.0 = Debug|Any CPU
		{10817D0D-667B-4D02-8A25-79ECDF653A33}.Release|Any CPU.ActiveCfg = Release|Any CPU
		{10817D0D-667B-4D02-8A25-79ECDF653A33}.Release|Any CPU.Build.0 = Release|Any CPU
		{A48DFA5A-2D74-4DA3-B6CC-E0E1A50D8415}.Debug|Any CPU.ActiveCfg = Debug|Any CPU
		{A48DFA5A-2D74-4DA3-B6CC-E0E1A50D8415}.Debug|Any CPU.Build.0 = Debug|Any CPU
		{A48DFA5A-2D74-4DA3-B6CC-E0E1A50D8415}.Release|Any CPU.ActiveCfg = Release|Any CPU
		{A48DFA5A-2D74-4DA3-B6CC-E0E1A50D8415}.Release|Any CPU.Build.0 = Release|Any CPU
		{84D26A69-B376-48AA-8DBC-471C8A48659E}.Debug|Any CPU.ActiveCfg = Debug|Any CPU
		{84D26A69-B376-48AA-8DBC-471C8A48659E}.Debug|Any CPU.Build.0 = Debug|Any CPU
		{84D26A69-B376-48AA-8DBC-471C8A48659E}.Release|Any CPU.ActiveCfg = Release|Any CPU
		{84D26A69-B376-48AA-8DBC-471C8A48659E}.Release|Any CPU.Build.0 = Release|Any CPU
		{55719537-A248-46E4-9B60-F3C341A8636F}.Debug|Any CPU.ActiveCfg = Debug|Any CPU
		{55719537-A248-46E4-9B60-F3C341A8636F}.Debug|Any CPU.Build.0 = Debug|Any CPU
		{55719537-A248-46E4-9B60-F3C341A8636F}.Release|Any CPU.ActiveCfg = Release|Any CPU
		{55719537-A248-46E4-9B60-F3C341A8636F}.Release|Any CPU.Build.0 = Release|Any CPU
		{B49A2519-9979-4739-98BF-47AD48AEFC8A}.Debug|Any CPU.ActiveCfg = Debug|Any CPU
		{B49A2519-9979-4739-98BF-47AD48AEFC8A}.Debug|Any CPU.Build.0 = Debug|Any CPU
		{B49A2519-9979-4739-98BF-47AD48AEFC8A}.Release|Any CPU.ActiveCfg = Release|Any CPU
		{B49A2519-9979-4739-98BF-47AD48AEFC8A}.Release|Any CPU.Build.0 = Release|Any CPU
		{155CB58A-2CE9-4AE9-9911-31454E129C3A}.Debug|Any CPU.ActiveCfg = Debug|Any CPU
		{155CB58A-2CE9-4AE9-9911-31454E129C3A}.Debug|Any CPU.Build.0 = Debug|Any CPU
		{155CB58A-2CE9-4AE9-9911-31454E129C3A}.Release|Any CPU.ActiveCfg = Release|Any CPU
		{155CB58A-2CE9-4AE9-9911-31454E129C3A}.Release|Any CPU.Build.0 = Release|Any CPU
		{F6085432-0F68-4EFF-98E6-F95ACA0BEC5F}.Debug|Any CPU.ActiveCfg = Debug|Any CPU
		{F6085432-0F68-4EFF-98E6-F95ACA0BEC5F}.Debug|Any CPU.Build.0 = Debug|Any CPU
		{F6085432-0F68-4EFF-98E6-F95ACA0BEC5F}.Release|Any CPU.ActiveCfg = Release|Any CPU
		{F6085432-0F68-4EFF-98E6-F95ACA0BEC5F}.Release|Any CPU.Build.0 = Release|Any CPU
		{396FED7C-F0A9-4386-B44B-F0F4995DA1FA}.Debug|Any CPU.ActiveCfg = Debug|Any CPU
		{396FED7C-F0A9-4386-B44B-F0F4995DA1FA}.Debug|Any CPU.Build.0 = Debug|Any CPU
		{396FED7C-F0A9-4386-B44B-F0F4995DA1FA}.Release|Any CPU.ActiveCfg = Release|Any CPU
		{396FED7C-F0A9-4386-B44B-F0F4995DA1FA}.Release|Any CPU.Build.0 = Release|Any CPU
		{F6E722B6-0D07-4B0B-88CA-41099EFAC174}.Debug|Any CPU.ActiveCfg = Debug|Any CPU
		{F6E722B6-0D07-4B0B-88CA-41099EFAC174}.Debug|Any CPU.Build.0 = Debug|Any CPU
		{F6E722B6-0D07-4B0B-88CA-41099EFAC174}.Release|Any CPU.ActiveCfg = Release|Any CPU
		{F6E722B6-0D07-4B0B-88CA-41099EFAC174}.Release|Any CPU.Build.0 = Release|Any CPU
		{A35143EE-1154-42F0-9C9A-2E1815D26879}.Debug|Any CPU.ActiveCfg = Debug|Any CPU
		{A35143EE-1154-42F0-9C9A-2E1815D26879}.Debug|Any CPU.Build.0 = Debug|Any CPU
		{A35143EE-1154-42F0-9C9A-2E1815D26879}.Release|Any CPU.ActiveCfg = Release|Any CPU
		{A35143EE-1154-42F0-9C9A-2E1815D26879}.Release|Any CPU.Build.0 = Release|Any CPU
		{9455EB19-58C5-4E97-85C4-70FFFF66C612}.Debug|Any CPU.ActiveCfg = Debug|Any CPU
		{9455EB19-58C5-4E97-85C4-70FFFF66C612}.Debug|Any CPU.Build.0 = Debug|Any CPU
		{9455EB19-58C5-4E97-85C4-70FFFF66C612}.Release|Any CPU.ActiveCfg = Release|Any CPU
		{9455EB19-58C5-4E97-85C4-70FFFF66C612}.Release|Any CPU.Build.0 = Release|Any CPU
		{32BACBDE-3FB1-42B3-B829-70F937F49A52}.Debug|Any CPU.ActiveCfg = Debug|Any CPU
		{32BACBDE-3FB1-42B3-B829-70F937F49A52}.Debug|Any CPU.Build.0 = Debug|Any CPU
		{32BACBDE-3FB1-42B3-B829-70F937F49A52}.Release|Any CPU.ActiveCfg = Release|Any CPU
		{32BACBDE-3FB1-42B3-B829-70F937F49A52}.Release|Any CPU.Build.0 = Release|Any CPU
		{79F8D6ED-CA58-4EB6-BCF5-B8AA44AC68F7}.Debug|Any CPU.ActiveCfg = Debug|Any CPU
		{79F8D6ED-CA58-4EB6-BCF5-B8AA44AC68F7}.Debug|Any CPU.Build.0 = Debug|Any CPU
		{79F8D6ED-CA58-4EB6-BCF5-B8AA44AC68F7}.Release|Any CPU.ActiveCfg = Release|Any CPU
		{79F8D6ED-CA58-4EB6-BCF5-B8AA44AC68F7}.Release|Any CPU.Build.0 = Release|Any CPU
		{DC1ECA4E-8F6D-4334-922D-6AA43D99AABC}.Debug|Any CPU.ActiveCfg = Debug|Any CPU
		{DC1ECA4E-8F6D-4334-922D-6AA43D99AABC}.Debug|Any CPU.Build.0 = Debug|Any CPU
		{DC1ECA4E-8F6D-4334-922D-6AA43D99AABC}.Release|Any CPU.ActiveCfg = Release|Any CPU
		{DC1ECA4E-8F6D-4334-922D-6AA43D99AABC}.Release|Any CPU.Build.0 = Release|Any CPU
		{833FC25F-3445-48CE-806C-321F427EFA4F}.Debug|Any CPU.ActiveCfg = Debug|Any CPU
		{833FC25F-3445-48CE-806C-321F427EFA4F}.Debug|Any CPU.Build.0 = Debug|Any CPU
		{833FC25F-3445-48CE-806C-321F427EFA4F}.Release|Any CPU.ActiveCfg = Release|Any CPU
		{833FC25F-3445-48CE-806C-321F427EFA4F}.Release|Any CPU.Build.0 = Release|Any CPU
		{204BD0CE-4102-44DD-AB4C-D3A0992694C0}.Debug|Any CPU.ActiveCfg = Debug|Any CPU
		{204BD0CE-4102-44DD-AB4C-D3A0992694C0}.Debug|Any CPU.Build.0 = Debug|Any CPU
		{204BD0CE-4102-44DD-AB4C-D3A0992694C0}.Release|Any CPU.ActiveCfg = Release|Any CPU
		{204BD0CE-4102-44DD-AB4C-D3A0992694C0}.Release|Any CPU.Build.0 = Release|Any CPU
		{2900E35C-E718-48EB-9B1E-7AF0CFC33B70}.Debug|Any CPU.ActiveCfg = Debug|Any CPU
		{2900E35C-E718-48EB-9B1E-7AF0CFC33B70}.Debug|Any CPU.Build.0 = Debug|Any CPU
		{2900E35C-E718-48EB-9B1E-7AF0CFC33B70}.Release|Any CPU.ActiveCfg = Release|Any CPU
		{2900E35C-E718-48EB-9B1E-7AF0CFC33B70}.Release|Any CPU.Build.0 = Release|Any CPU
		{95DBA93D-A658-4F9B-A586-AE0DC32AF5BA}.Debug|Any CPU.ActiveCfg = Debug|Any CPU
		{95DBA93D-A658-4F9B-A586-AE0DC32AF5BA}.Debug|Any CPU.Build.0 = Debug|Any CPU
		{95DBA93D-A658-4F9B-A586-AE0DC32AF5BA}.Release|Any CPU.ActiveCfg = Release|Any CPU
		{95DBA93D-A658-4F9B-A586-AE0DC32AF5BA}.Release|Any CPU.Build.0 = Release|Any CPU
		{E5E95E7E-4557-4E69-BB8F-64D0FC8E8618}.Debug|Any CPU.ActiveCfg = Debug|Any CPU
		{E5E95E7E-4557-4E69-BB8F-64D0FC8E8618}.Debug|Any CPU.Build.0 = Debug|Any CPU
		{E5E95E7E-4557-4E69-BB8F-64D0FC8E8618}.Release|Any CPU.ActiveCfg = Release|Any CPU
		{E5E95E7E-4557-4E69-BB8F-64D0FC8E8618}.Release|Any CPU.Build.0 = Release|Any CPU
		{EAF33227-8AFD-4550-BDA2-C476014C7A74}.Debug|Any CPU.ActiveCfg = Debug|Any CPU
		{EAF33227-8AFD-4550-BDA2-C476014C7A74}.Debug|Any CPU.Build.0 = Debug|Any CPU
		{EAF33227-8AFD-4550-BDA2-C476014C7A74}.Release|Any CPU.ActiveCfg = Release|Any CPU
		{EAF33227-8AFD-4550-BDA2-C476014C7A74}.Release|Any CPU.Build.0 = Release|Any CPU
		{9830167B-71F9-46C7-95FD-FB4F94FE4966}.Debug|Any CPU.ActiveCfg = Debug|Any CPU
		{9830167B-71F9-46C7-95FD-FB4F94FE4966}.Debug|Any CPU.Build.0 = Debug|Any CPU
		{9830167B-71F9-46C7-95FD-FB4F94FE4966}.Release|Any CPU.ActiveCfg = Release|Any CPU
		{9830167B-71F9-46C7-95FD-FB4F94FE4966}.Release|Any CPU.Build.0 = Release|Any CPU
		{E23BAD9C-5D3B-4A6E-827B-74AB00E41FA3}.Debug|Any CPU.ActiveCfg = Debug|Any CPU
		{E23BAD9C-5D3B-4A6E-827B-74AB00E41FA3}.Debug|Any CPU.Build.0 = Debug|Any CPU
		{E23BAD9C-5D3B-4A6E-827B-74AB00E41FA3}.Release|Any CPU.ActiveCfg = Release|Any CPU
		{E23BAD9C-5D3B-4A6E-827B-74AB00E41FA3}.Release|Any CPU.Build.0 = Release|Any CPU
		{A67AEC00-2818-4B70-A6C5-29088F36D662}.Debug|Any CPU.ActiveCfg = Debug|Any CPU
		{A67AEC00-2818-4B70-A6C5-29088F36D662}.Debug|Any CPU.Build.0 = Debug|Any CPU
		{A67AEC00-2818-4B70-A6C5-29088F36D662}.Release|Any CPU.ActiveCfg = Release|Any CPU
		{A67AEC00-2818-4B70-A6C5-29088F36D662}.Release|Any CPU.Build.0 = Release|Any CPU
		{C04A6FE1-E257-4EA0-8354-638E82CCD4FC}.Debug|Any CPU.ActiveCfg = Debug|Any CPU
		{C04A6FE1-E257-4EA0-8354-638E82CCD4FC}.Debug|Any CPU.Build.0 = Debug|Any CPU
		{C04A6FE1-E257-4EA0-8354-638E82CCD4FC}.Release|Any CPU.ActiveCfg = Release|Any CPU
		{C04A6FE1-E257-4EA0-8354-638E82CCD4FC}.Release|Any CPU.Build.0 = Release|Any CPU
		{23A911CF-A1F8-446B-B2CA-9A74803A4B61}.Debug|Any CPU.ActiveCfg = Debug|Any CPU
		{23A911CF-A1F8-446B-B2CA-9A74803A4B61}.Debug|Any CPU.Build.0 = Debug|Any CPU
		{23A911CF-A1F8-446B-B2CA-9A74803A4B61}.Release|Any CPU.ActiveCfg = Release|Any CPU
		{23A911CF-A1F8-446B-B2CA-9A74803A4B61}.Release|Any CPU.Build.0 = Release|Any CPU
		{76B6D626-9867-40DA-9A89-C11269422AB5}.Debug|Any CPU.ActiveCfg = Debug|Any CPU
		{76B6D626-9867-40DA-9A89-C11269422AB5}.Debug|Any CPU.Build.0 = Debug|Any CPU
		{76B6D626-9867-40DA-9A89-C11269422AB5}.Release|Any CPU.ActiveCfg = Release|Any CPU
		{76B6D626-9867-40DA-9A89-C11269422AB5}.Release|Any CPU.Build.0 = Release|Any CPU
	EndGlobalSection
	GlobalSection(NestedProjects) = preSolution
		{2A087488-8DEF-4BA2-98C9-8B3583492955} = {ED123AD4-4D23-42F3-B869-4492A974E7B5}
		{10817D0D-667B-4D02-8A25-79ECDF653A33} = {ED123AD4-4D23-42F3-B869-4492A974E7B5}
		{A48DFA5A-2D74-4DA3-B6CC-E0E1A50D8415} = {76A1454C-8BF3-4FE6-BC99-78C2F8A0315D}
		{84D26A69-B376-48AA-8DBC-471C8A48659E} = {76A1454C-8BF3-4FE6-BC99-78C2F8A0315D}
		{55719537-A248-46E4-9B60-F3C341A8636F} = {7C523BB4-AAA5-4693-8C8B-1BC3FDB984C1}
		{B49A2519-9979-4739-98BF-47AD48AEFC8A} = {7C523BB4-AAA5-4693-8C8B-1BC3FDB984C1}
		{F6085432-0F68-4EFF-98E6-F95ACA0BEC5F} = {2B8C1E43-C9C1-4444-A971-0892B7512C54}
		{396FED7C-F0A9-4386-B44B-F0F4995DA1FA} = {2B8C1E43-C9C1-4444-A971-0892B7512C54}
		{F6E722B6-0D07-4B0B-88CA-41099EFAC174} = {A8E0099E-586B-4798-8683-5C7304F88C0D}
		{A35143EE-1154-42F0-9C9A-2E1815D26879} = {08A2B1D4-A419-4A97-8B43-686359EBA7CC}
		{9455EB19-58C5-4E97-85C4-70FFFF66C612} = {A92EFD0C-FF93-40A1-ABEB-D7D5DC5D3A57}
		{32BACBDE-3FB1-42B3-B829-70F937F49A52} = {0D073794-3059-4620-885B-4082DE68FC8B}
		{79F8D6ED-CA58-4EB6-BCF5-B8AA44AC68F7} = {EF609593-CF87-44E9-985C-C3F00D53A2A8}
		{DC1ECA4E-8F6D-4334-922D-6AA43D99AABC} = {6362B6A5-A985-4EB3-94F1-672EEB0DCF7F}
		{833FC25F-3445-48CE-806C-321F427EFA4F} = {014D5A89-03AE-4A2E-82CC-EDD52FF1FDA4}
		{204BD0CE-4102-44DD-AB4C-D3A0992694C0} = {771590B7-EEC8-450D-B90C-08E83CB3A5A7}
		{2900E35C-E718-48EB-9B1E-7AF0CFC33B70} = {B6A0649F-1AEB-45C6-BBC0-F7DC6000079C}
		{95DBA93D-A658-4F9B-A586-AE0DC32AF5BA} = {CE30A9EB-390E-4898-83F4-6880F5711482}
		{E5E95E7E-4557-4E69-BB8F-64D0FC8E8618} = {5523855A-4529-4533-86C2-045DEE8783C5}
		{EAF33227-8AFD-4550-BDA2-C476014C7A74} = {C82749FB-3676-4DA8-A762-01970FE54227}
		{9830167B-71F9-46C7-95FD-FB4F94FE4966} = {FDF53107-D328-429E-A4AF-3474DFEC534A}
		{E23BAD9C-5D3B-4A6E-827B-74AB00E41FA3} = {1A0EC544-68D1-4EA8-A921-A797D7B4B12F}
		{A67AEC00-2818-4B70-A6C5-29088F36D662} = {2458F488-CA90-418C-BD45-FCFE945F217C}
		{C04A6FE1-E257-4EA0-8354-638E82CCD4FC} = {85130B53-D809-4E33-AF09-7BD129827FC7}
		{23A911CF-A1F8-446B-B2CA-9A74803A4B61} = {03548DA2-469B-457B-AC03-4BDAA4914D6B}
		{76B6D626-9867-40DA-9A89-C11269422AB5} = {5AEEE55E-EEEF-4A50-8BA1-A5E3B1EF97EA}
	EndGlobalSection
EndGlobal
