
Microsoft Visual Studio Solution File, Format Version 12.00
# Visual Studio Version 17
VisualStudioVersion = 17.0.31903.59
MinimumVisualStudioVersion = 10.0.40219.1
Project("{2150E333-8FDC-42A3-9474-1A3956D46DE8}") = "Ze.Core", "Ze.Core", "{21EF4C49-49B1-47C1-9EB5-C24DC73965C4}"
EndProject
Project("{FAE04EC0-301F-11D3-BF4B-00C04F79EFBC}") = "Ze.Core", "Ze.Core\src\Ze.Core.csproj", "{EA7F7F42-3B9C-4729-9AE6-41B601D4F79D}"
EndProject
Project("{2150E333-8FDC-42A3-9474-1A3956D46DE8}") = "Ze.Data", "Ze.Data", "{E3909A89-BC14-4256-869F-25E566BE551C}"
EndProject
Project("{FAE04EC0-301F-11D3-BF4B-00C04F79EFBC}") = "Ze.Data", "Ze.Data\src\Ze.Data.csproj", "{F9B027E7-4C0C-44CD-9482-3FBD07B62B23}"
EndProject
Project("{2150E333-8FDC-42A3-9474-1A3956D46DE8}") = "Ze.Domain", "Ze.Domain", "{7EEEBBB3-B8F9-4D1C-BC3E-A1D7429071F4}"
EndProject
Project("{FAE04EC0-301F-11D3-BF4B-00C04F79EFBC}") = "Ze.Domain", "Ze.Domain\src\Ze.Domain.csproj", "{B7E1A7C5-E224-46D6-AD93-C2661B07180B}"
EndProject
Project("{2150E333-8FDC-42A3-9474-1A3956D46DE8}") = "Ze", "Ze", "{CF24681F-4B7B-4D82-A011-399EA82079C6}"
EndProject
Project("{FAE04EC0-301F-11D3-BF4B-00C04F79EFBC}") = "Ze", "Ze\src\Ze.csproj", "{6FD92901-2018-48D8-94DD-0F4FE297130C}"
EndProject
Project("{2150E333-8FDC-42A3-9474-1A3956D46DE8}") = ".root", ".root", "{69EE5DFE-57DB-4325-BF1B-68C4786B34B6}"
	ProjectSection(SolutionItems) = preProject
		..\Directory.Build.props = ..\Directory.Build.props
		..\Directory.Build.targets = ..\Directory.Build.targets
		..\Directory.Packages.props = ..\Directory.Packages.props
		..\LICENSE.md = ..\LICENSE.md
		..\omnisharp.json = ..\omnisharp.json
		..\README.md = ..\README.md
		..\version.json = ..\version.json
	EndProjectSection
EndProject
Project("{2150E333-8FDC-42A3-9474-1A3956D46DE8}") = ".project", ".project", "{329D8214-FC14-4AD9-8BCC-A773FAF77F82}"
	ProjectSection(SolutionItems) = preProject
		justfile = justfile
	EndProjectSection
EndProject
Project("{FAE04EC0-301F-11D3-BF4B-00C04F79EFBC}") = "Bearz.Standard", "..\netfx\Standard\src\Bearz.Standard.csproj", "{C7E6B9E5-EE54-4D73-84B5-978EA212CFBB}"
EndProject
Project("{2150E333-8FDC-42A3-9474-1A3956D46DE8}") = "Bearz", "Bearz", "{30C49F94-DC9B-4BD7-BDB0-7B6CCFB9906A}"
EndProject
Project("{FAE04EC0-301F-11D3-BF4B-00C04F79EFBC}") = "Bearz.Xunit.Asserts", "..\netfx\Xunit.Asserts\src\Bearz.Xunit.Asserts.csproj", "{FFFE50C8-C217-4559-BA93-88F182E57D77}"
EndProject
Project("{FAE04EC0-301F-11D3-BF4B-00C04F79EFBC}") = "Bearz.Xunit.Attributes", "..\netfx\Xunit.Attributes\src\Bearz.Xunit.Attributes.csproj", "{FC2C221C-EB39-4DC3-AC8A-325616EFEA59}"
EndProject
Project("{FAE04EC0-301F-11D3-BF4B-00C04F79EFBC}") = "Bearz.Xunit.Core", "..\netfx\Xunit.Core\src\Bearz.Xunit.Core.csproj", "{1ABF129E-CE50-4138-A918-0BA46A86DDF5}"
EndProject
Project("{FAE04EC0-301F-11D3-BF4B-00C04F79EFBC}") = "Bearz.Stardard.Tests", "..\netfx\Standard\test\Bearz.Stardard.Tests.csproj", "{F3DAB552-3CBD-4637-BC4D-9A9E43096A40}"
EndProject
Project("{FAE04EC0-301F-11D3-BF4B-00C04F79EFBC}") = "Bearz.Extensions.Hosting.CommandLine", "..\netfx\Extensions.Hosting.CommandLine\src\Bearz.Extensions.Hosting.CommandLine.csproj", "{F45E855E-60D8-4EFC-B0C7-45F80E7D84C8}"
EndProject
Project("{FAE04EC0-301F-11D3-BF4B-00C04F79EFBC}") = "Bearz.Text.DotEnv", "..\netfx\Text.DotEnv\src\Bearz.Text.DotEnv.csproj", "{8DD1FA56-EE93-4CCE-82BF-F54F4A0D9EF7}"
EndProject
Project("{FAE04EC0-301F-11D3-BF4B-00C04F79EFBC}") = "Bearz.Security.Cryptography", "..\netfx\Security.Cryptography\src\Bearz.Security.Cryptography.csproj", "{3A552C54-8FBE-4614-ABE9-38994DA14D17}"
EndProject
Project("{FAE04EC0-301F-11D3-BF4B-00C04F79EFBC}") = "Bearz.Security.Cryptography.X509Certificates", "..\netfx\Security.Cryptography.X509Certificates\src\Bearz.Security.Cryptography.X509Certificates.csproj", "{9526BDA0-5701-4228-8436-656F99ECFD2C}"
EndProject
Project("{FAE04EC0-301F-11D3-BF4B-00C04F79EFBC}") = "Bearz.Extensions.Console.Abstractions", "..\netfx\Extensions.Console.Abstractions\src\Bearz.Extensions.Console.Abstractions.csproj", "{210EAFEB-6FE7-455F-B01C-B45C0112C2C1}"
EndProject
Project("{FAE04EC0-301F-11D3-BF4B-00C04F79EFBC}") = "Bearz.Extensions.Console", "..\netfx\Extensions.Console\src\Bearz.Extensions.Console.csproj", "{41A4BF77-8763-43FD-92F3-07A67E4D319D}"
EndProject
Project("{FAE04EC0-301F-11D3-BF4B-00C04F79EFBC}") = "Bearz.Cli.Execution", "..\netfx\Cli.Execution\src\Bearz.Cli.Execution.csproj", "{49BC9BBE-950A-46F6-BD92-A5FC9D49A94E}"
EndProject
Project("{2150E333-8FDC-42A3-9474-1A3956D46DE8}") = "Ze.Tasks.Abstractions", "Ze.Tasks.Abstractions", "{5B24CD65-5049-4D2D-84AA-2E1CBD79C3EE}"
EndProject
Project("{FAE04EC0-301F-11D3-BF4B-00C04F79EFBC}") = "Ze.Tasks.Abstractions", "Ze.Tasks.Abstractions\src\Ze.Tasks.Abstractions.csproj", "{B9F41F7A-D5BA-4BF7-8B31-A33035B97A70}"
EndProject
Project("{2150E333-8FDC-42A3-9474-1A3956D46DE8}") = "Ze.Tasks", "Ze.Tasks", "{D606AC3A-EEC9-4179-B5C8-B2DE97EDEEB4}"
EndProject
Project("{FAE04EC0-301F-11D3-BF4B-00C04F79EFBC}") = "Ze.Tasks", "Ze.Tasks\src\Ze.Tasks.csproj", "{BF0687F3-C40F-4A49-A207-787D20A8B76F}"
EndProject
Project("{2150E333-8FDC-42A3-9474-1A3956D46DE8}") = "Ze.Tasks.Runner.Abstractions", "Ze.Tasks.Runner.Abstractions", "{1ADAAEEC-DBB2-4431-B7C2-3557ECE4577D}"
EndProject
Project("{FAE04EC0-301F-11D3-BF4B-00C04F79EFBC}") = "Ze.Tasks.Runner.Abstractions", "Ze.Tasks.Runner.Abstractions\src\Ze.Tasks.Runner.Abstractions.csproj", "{F41435ED-AE54-497B-A0D5-FC1BA35820A5}"
EndProject
Project("{2150E333-8FDC-42A3-9474-1A3956D46DE8}") = "Ze.Tasks.Runner", "Ze.Tasks.Runner", "{61BFE652-848E-40A6-AB00-B67A958255C2}"
EndProject
Project("{FAE04EC0-301F-11D3-BF4B-00C04F79EFBC}") = "Ze.Tasks.Runner", "Ze.Tasks.Runner\src\Ze.Tasks.Runner.csproj", "{6DFFD0BB-5E88-40F8-A294-3B039CE5A72F}"
EndProject
Project("{2150E333-8FDC-42A3-9474-1A3956D46DE8}") = "Ze.Cli.DotNet", "Ze.Cli.DotNet", "{0D54353B-2978-49E0-AD9A-0E06C1C89114}"
EndProject
Project("{FAE04EC0-301F-11D3-BF4B-00C04F79EFBC}") = "Ze.Cli.DotNet", "Ze.Cli.DotNet\src\Ze.Cli.DotNet.csproj", "{9AE1D6CB-4308-4D30-93B4-6EF97B14EA2A}"
EndProject
Project("{2150E333-8FDC-42A3-9474-1A3956D46DE8}") = "Ze.Cli.NodeJs", "Ze.Cli.NodeJs", "{BD08A3BB-79F0-4F21-BA14-98D5F675F70C}"
EndProject
Project("{FAE04EC0-301F-11D3-BF4B-00C04F79EFBC}") = "Ze.Cli.NodeJs", "Ze.Cli.NodeJs\src\Ze.Cli.NodeJs.csproj", "{49E95D35-09AE-4943-91AD-0653FF51E111}"
EndProject
Project("{2150E333-8FDC-42A3-9474-1A3956D46DE8}") = "Ze.Cli.Docker", "Ze.Cli.Docker", "{CAA41CBB-E55A-429E-A8BA-1BA74F51134C}"
EndProject
Project("{FAE04EC0-301F-11D3-BF4B-00C04F79EFBC}") = "Ze.Cli.Docker", "Ze.Cli.Docker\src\Ze.Cli.Docker.csproj", "{F43358E1-E775-456A-8CCE-F0E2A37693F7}"
EndProject
Project("{2150E333-8FDC-42A3-9474-1A3956D46DE8}") = "Ze.Cli.Apt", "Ze.Cli.Apt", "{D0105158-3B9D-44D7-9EF0-A2E9191CE138}"
EndProject
Project("{FAE04EC0-301F-11D3-BF4B-00C04F79EFBC}") = "Ze.Cli.Apt", "Ze.Cli.Apt\src\Ze.Cli.Apt.csproj", "{6D1CC61E-FC6C-4BBD-804D-0443EDDE0AEC}"
EndProject
Project("{2150E333-8FDC-42A3-9474-1A3956D46DE8}") = "Ze.Cli.Chocolatey", "Ze.Cli.Chocolatey", "{2F33EB91-DE18-4FDD-902E-BAE9C224B6CA}"
EndProject
Project("{FAE04EC0-301F-11D3-BF4B-00C04F79EFBC}") = "Ze.Cli.Chocolatey", "Ze.Cli.Chocolatey\src\Ze.Cli.Chocolatey.csproj", "{5D754D0D-5F1B-4647-BA13-7E666CB48B52}"
EndProject
Project("{2150E333-8FDC-42A3-9474-1A3956D46DE8}") = "Ze.Cli.Shell", "Ze.Cli.Shell", "{785CB019-DD85-4141-8FF4-2541A9A443FC}"
EndProject
Project("{FAE04EC0-301F-11D3-BF4B-00C04F79EFBC}") = "Ze.Cli.Shell", "Ze.Cli.Shell\src\Ze.Cli.Shell.csproj", "{C58BE780-0695-4A57-952B-4BBEDAD4CA71}"
EndProject
Global
	GlobalSection(SolutionConfigurationPlatforms) = preSolution
		Debug|Any CPU = Debug|Any CPU
		Release|Any CPU = Release|Any CPU
	EndGlobalSection
	GlobalSection(SolutionProperties) = preSolution
		HideSolutionNode = FALSE
	EndGlobalSection
	GlobalSection(ProjectConfigurationPlatforms) = postSolution
		{EA7F7F42-3B9C-4729-9AE6-41B601D4F79D}.Debug|Any CPU.ActiveCfg = Debug|Any CPU
		{EA7F7F42-3B9C-4729-9AE6-41B601D4F79D}.Debug|Any CPU.Build.0 = Debug|Any CPU
		{EA7F7F42-3B9C-4729-9AE6-41B601D4F79D}.Release|Any CPU.ActiveCfg = Release|Any CPU
		{EA7F7F42-3B9C-4729-9AE6-41B601D4F79D}.Release|Any CPU.Build.0 = Release|Any CPU
		{F9B027E7-4C0C-44CD-9482-3FBD07B62B23}.Debug|Any CPU.ActiveCfg = Debug|Any CPU
		{F9B027E7-4C0C-44CD-9482-3FBD07B62B23}.Debug|Any CPU.Build.0 = Debug|Any CPU
		{F9B027E7-4C0C-44CD-9482-3FBD07B62B23}.Release|Any CPU.ActiveCfg = Release|Any CPU
		{F9B027E7-4C0C-44CD-9482-3FBD07B62B23}.Release|Any CPU.Build.0 = Release|Any CPU
		{B7E1A7C5-E224-46D6-AD93-C2661B07180B}.Debug|Any CPU.ActiveCfg = Debug|Any CPU
		{B7E1A7C5-E224-46D6-AD93-C2661B07180B}.Debug|Any CPU.Build.0 = Debug|Any CPU
		{B7E1A7C5-E224-46D6-AD93-C2661B07180B}.Release|Any CPU.ActiveCfg = Release|Any CPU
		{B7E1A7C5-E224-46D6-AD93-C2661B07180B}.Release|Any CPU.Build.0 = Release|Any CPU
		{6FD92901-2018-48D8-94DD-0F4FE297130C}.Debug|Any CPU.ActiveCfg = Debug|Any CPU
		{6FD92901-2018-48D8-94DD-0F4FE297130C}.Debug|Any CPU.Build.0 = Debug|Any CPU
		{6FD92901-2018-48D8-94DD-0F4FE297130C}.Release|Any CPU.ActiveCfg = Release|Any CPU
		{6FD92901-2018-48D8-94DD-0F4FE297130C}.Release|Any CPU.Build.0 = Release|Any CPU
		{C7E6B9E5-EE54-4D73-84B5-978EA212CFBB}.Debug|Any CPU.ActiveCfg = Debug|Any CPU
		{C7E6B9E5-EE54-4D73-84B5-978EA212CFBB}.Debug|Any CPU.Build.0 = Debug|Any CPU
		{C7E6B9E5-EE54-4D73-84B5-978EA212CFBB}.Release|Any CPU.ActiveCfg = Release|Any CPU
		{C7E6B9E5-EE54-4D73-84B5-978EA212CFBB}.Release|Any CPU.Build.0 = Release|Any CPU
		{FFFE50C8-C217-4559-BA93-88F182E57D77}.Debug|Any CPU.ActiveCfg = Debug|Any CPU
		{FFFE50C8-C217-4559-BA93-88F182E57D77}.Debug|Any CPU.Build.0 = Debug|Any CPU
		{FFFE50C8-C217-4559-BA93-88F182E57D77}.Release|Any CPU.ActiveCfg = Release|Any CPU
		{FFFE50C8-C217-4559-BA93-88F182E57D77}.Release|Any CPU.Build.0 = Release|Any CPU
		{FC2C221C-EB39-4DC3-AC8A-325616EFEA59}.Debug|Any CPU.ActiveCfg = Debug|Any CPU
		{FC2C221C-EB39-4DC3-AC8A-325616EFEA59}.Debug|Any CPU.Build.0 = Debug|Any CPU
		{FC2C221C-EB39-4DC3-AC8A-325616EFEA59}.Release|Any CPU.ActiveCfg = Release|Any CPU
		{FC2C221C-EB39-4DC3-AC8A-325616EFEA59}.Release|Any CPU.Build.0 = Release|Any CPU
		{1ABF129E-CE50-4138-A918-0BA46A86DDF5}.Debug|Any CPU.ActiveCfg = Debug|Any CPU
		{1ABF129E-CE50-4138-A918-0BA46A86DDF5}.Debug|Any CPU.Build.0 = Debug|Any CPU
		{1ABF129E-CE50-4138-A918-0BA46A86DDF5}.Release|Any CPU.ActiveCfg = Release|Any CPU
		{1ABF129E-CE50-4138-A918-0BA46A86DDF5}.Release|Any CPU.Build.0 = Release|Any CPU
		{F3DAB552-3CBD-4637-BC4D-9A9E43096A40}.Debug|Any CPU.ActiveCfg = Debug|Any CPU
		{F3DAB552-3CBD-4637-BC4D-9A9E43096A40}.Debug|Any CPU.Build.0 = Debug|Any CPU
		{F3DAB552-3CBD-4637-BC4D-9A9E43096A40}.Release|Any CPU.ActiveCfg = Release|Any CPU
		{F3DAB552-3CBD-4637-BC4D-9A9E43096A40}.Release|Any CPU.Build.0 = Release|Any CPU
		{F45E855E-60D8-4EFC-B0C7-45F80E7D84C8}.Debug|Any CPU.ActiveCfg = Debug|Any CPU
		{F45E855E-60D8-4EFC-B0C7-45F80E7D84C8}.Debug|Any CPU.Build.0 = Debug|Any CPU
		{F45E855E-60D8-4EFC-B0C7-45F80E7D84C8}.Release|Any CPU.ActiveCfg = Release|Any CPU
		{F45E855E-60D8-4EFC-B0C7-45F80E7D84C8}.Release|Any CPU.Build.0 = Release|Any CPU
		{8DD1FA56-EE93-4CCE-82BF-F54F4A0D9EF7}.Debug|Any CPU.ActiveCfg = Debug|Any CPU
		{8DD1FA56-EE93-4CCE-82BF-F54F4A0D9EF7}.Debug|Any CPU.Build.0 = Debug|Any CPU
		{8DD1FA56-EE93-4CCE-82BF-F54F4A0D9EF7}.Release|Any CPU.ActiveCfg = Release|Any CPU
		{8DD1FA56-EE93-4CCE-82BF-F54F4A0D9EF7}.Release|Any CPU.Build.0 = Release|Any CPU
		{3A552C54-8FBE-4614-ABE9-38994DA14D17}.Debug|Any CPU.ActiveCfg = Debug|Any CPU
		{3A552C54-8FBE-4614-ABE9-38994DA14D17}.Debug|Any CPU.Build.0 = Debug|Any CPU
		{3A552C54-8FBE-4614-ABE9-38994DA14D17}.Release|Any CPU.ActiveCfg = Release|Any CPU
		{3A552C54-8FBE-4614-ABE9-38994DA14D17}.Release|Any CPU.Build.0 = Release|Any CPU
		{9526BDA0-5701-4228-8436-656F99ECFD2C}.Debug|Any CPU.ActiveCfg = Debug|Any CPU
		{9526BDA0-5701-4228-8436-656F99ECFD2C}.Debug|Any CPU.Build.0 = Debug|Any CPU
		{9526BDA0-5701-4228-8436-656F99ECFD2C}.Release|Any CPU.ActiveCfg = Release|Any CPU
		{9526BDA0-5701-4228-8436-656F99ECFD2C}.Release|Any CPU.Build.0 = Release|Any CPU
		{210EAFEB-6FE7-455F-B01C-B45C0112C2C1}.Debug|Any CPU.ActiveCfg = Debug|Any CPU
		{210EAFEB-6FE7-455F-B01C-B45C0112C2C1}.Debug|Any CPU.Build.0 = Debug|Any CPU
		{210EAFEB-6FE7-455F-B01C-B45C0112C2C1}.Release|Any CPU.ActiveCfg = Release|Any CPU
		{210EAFEB-6FE7-455F-B01C-B45C0112C2C1}.Release|Any CPU.Build.0 = Release|Any CPU
		{41A4BF77-8763-43FD-92F3-07A67E4D319D}.Debug|Any CPU.ActiveCfg = Debug|Any CPU
		{41A4BF77-8763-43FD-92F3-07A67E4D319D}.Debug|Any CPU.Build.0 = Debug|Any CPU
		{41A4BF77-8763-43FD-92F3-07A67E4D319D}.Release|Any CPU.ActiveCfg = Release|Any CPU
		{41A4BF77-8763-43FD-92F3-07A67E4D319D}.Release|Any CPU.Build.0 = Release|Any CPU
		{49BC9BBE-950A-46F6-BD92-A5FC9D49A94E}.Debug|Any CPU.ActiveCfg = Debug|Any CPU
		{49BC9BBE-950A-46F6-BD92-A5FC9D49A94E}.Debug|Any CPU.Build.0 = Debug|Any CPU
		{49BC9BBE-950A-46F6-BD92-A5FC9D49A94E}.Release|Any CPU.ActiveCfg = Release|Any CPU
		{49BC9BBE-950A-46F6-BD92-A5FC9D49A94E}.Release|Any CPU.Build.0 = Release|Any CPU
		{B9F41F7A-D5BA-4BF7-8B31-A33035B97A70}.Debug|Any CPU.ActiveCfg = Debug|Any CPU
		{B9F41F7A-D5BA-4BF7-8B31-A33035B97A70}.Debug|Any CPU.Build.0 = Debug|Any CPU
		{B9F41F7A-D5BA-4BF7-8B31-A33035B97A70}.Release|Any CPU.ActiveCfg = Release|Any CPU
		{B9F41F7A-D5BA-4BF7-8B31-A33035B97A70}.Release|Any CPU.Build.0 = Release|Any CPU
		{BF0687F3-C40F-4A49-A207-787D20A8B76F}.Debug|Any CPU.ActiveCfg = Debug|Any CPU
		{BF0687F3-C40F-4A49-A207-787D20A8B76F}.Debug|Any CPU.Build.0 = Debug|Any CPU
		{BF0687F3-C40F-4A49-A207-787D20A8B76F}.Release|Any CPU.ActiveCfg = Release|Any CPU
		{BF0687F3-C40F-4A49-A207-787D20A8B76F}.Release|Any CPU.Build.0 = Release|Any CPU
		{F41435ED-AE54-497B-A0D5-FC1BA35820A5}.Debug|Any CPU.ActiveCfg = Debug|Any CPU
		{F41435ED-AE54-497B-A0D5-FC1BA35820A5}.Debug|Any CPU.Build.0 = Debug|Any CPU
		{F41435ED-AE54-497B-A0D5-FC1BA35820A5}.Release|Any CPU.ActiveCfg = Release|Any CPU
		{F41435ED-AE54-497B-A0D5-FC1BA35820A5}.Release|Any CPU.Build.0 = Release|Any CPU
		{6DFFD0BB-5E88-40F8-A294-3B039CE5A72F}.Debug|Any CPU.ActiveCfg = Debug|Any CPU
		{6DFFD0BB-5E88-40F8-A294-3B039CE5A72F}.Debug|Any CPU.Build.0 = Debug|Any CPU
		{6DFFD0BB-5E88-40F8-A294-3B039CE5A72F}.Release|Any CPU.ActiveCfg = Release|Any CPU
		{6DFFD0BB-5E88-40F8-A294-3B039CE5A72F}.Release|Any CPU.Build.0 = Release|Any CPU
		{9AE1D6CB-4308-4D30-93B4-6EF97B14EA2A}.Debug|Any CPU.ActiveCfg = Debug|Any CPU
		{9AE1D6CB-4308-4D30-93B4-6EF97B14EA2A}.Debug|Any CPU.Build.0 = Debug|Any CPU
		{9AE1D6CB-4308-4D30-93B4-6EF97B14EA2A}.Release|Any CPU.ActiveCfg = Release|Any CPU
		{9AE1D6CB-4308-4D30-93B4-6EF97B14EA2A}.Release|Any CPU.Build.0 = Release|Any CPU
		{49E95D35-09AE-4943-91AD-0653FF51E111}.Debug|Any CPU.ActiveCfg = Debug|Any CPU
		{49E95D35-09AE-4943-91AD-0653FF51E111}.Debug|Any CPU.Build.0 = Debug|Any CPU
		{49E95D35-09AE-4943-91AD-0653FF51E111}.Release|Any CPU.ActiveCfg = Release|Any CPU
		{49E95D35-09AE-4943-91AD-0653FF51E111}.Release|Any CPU.Build.0 = Release|Any CPU
		{F43358E1-E775-456A-8CCE-F0E2A37693F7}.Debug|Any CPU.ActiveCfg = Debug|Any CPU
		{F43358E1-E775-456A-8CCE-F0E2A37693F7}.Debug|Any CPU.Build.0 = Debug|Any CPU
		{F43358E1-E775-456A-8CCE-F0E2A37693F7}.Release|Any CPU.ActiveCfg = Release|Any CPU
		{F43358E1-E775-456A-8CCE-F0E2A37693F7}.Release|Any CPU.Build.0 = Release|Any CPU
		{6D1CC61E-FC6C-4BBD-804D-0443EDDE0AEC}.Debug|Any CPU.ActiveCfg = Debug|Any CPU
		{6D1CC61E-FC6C-4BBD-804D-0443EDDE0AEC}.Debug|Any CPU.Build.0 = Debug|Any CPU
		{6D1CC61E-FC6C-4BBD-804D-0443EDDE0AEC}.Release|Any CPU.ActiveCfg = Release|Any CPU
		{6D1CC61E-FC6C-4BBD-804D-0443EDDE0AEC}.Release|Any CPU.Build.0 = Release|Any CPU
		{5D754D0D-5F1B-4647-BA13-7E666CB48B52}.Debug|Any CPU.ActiveCfg = Debug|Any CPU
		{5D754D0D-5F1B-4647-BA13-7E666CB48B52}.Debug|Any CPU.Build.0 = Debug|Any CPU
		{5D754D0D-5F1B-4647-BA13-7E666CB48B52}.Release|Any CPU.ActiveCfg = Release|Any CPU
		{5D754D0D-5F1B-4647-BA13-7E666CB48B52}.Release|Any CPU.Build.0 = Release|Any CPU
		{C58BE780-0695-4A57-952B-4BBEDAD4CA71}.Debug|Any CPU.ActiveCfg = Debug|Any CPU
		{C58BE780-0695-4A57-952B-4BBEDAD4CA71}.Debug|Any CPU.Build.0 = Debug|Any CPU
		{C58BE780-0695-4A57-952B-4BBEDAD4CA71}.Release|Any CPU.ActiveCfg = Release|Any CPU
		{C58BE780-0695-4A57-952B-4BBEDAD4CA71}.Release|Any CPU.Build.0 = Release|Any CPU
	EndGlobalSection
	GlobalSection(NestedProjects) = preSolution
		{EA7F7F42-3B9C-4729-9AE6-41B601D4F79D} = {21EF4C49-49B1-47C1-9EB5-C24DC73965C4}
		{F9B027E7-4C0C-44CD-9482-3FBD07B62B23} = {E3909A89-BC14-4256-869F-25E566BE551C}
		{B7E1A7C5-E224-46D6-AD93-C2661B07180B} = {7EEEBBB3-B8F9-4D1C-BC3E-A1D7429071F4}
		{6FD92901-2018-48D8-94DD-0F4FE297130C} = {CF24681F-4B7B-4D82-A011-399EA82079C6}
		{C7E6B9E5-EE54-4D73-84B5-978EA212CFBB} = {30C49F94-DC9B-4BD7-BDB0-7B6CCFB9906A}
		{FFFE50C8-C217-4559-BA93-88F182E57D77} = {30C49F94-DC9B-4BD7-BDB0-7B6CCFB9906A}
		{FC2C221C-EB39-4DC3-AC8A-325616EFEA59} = {30C49F94-DC9B-4BD7-BDB0-7B6CCFB9906A}
		{1ABF129E-CE50-4138-A918-0BA46A86DDF5} = {30C49F94-DC9B-4BD7-BDB0-7B6CCFB9906A}
		{F3DAB552-3CBD-4637-BC4D-9A9E43096A40} = {30C49F94-DC9B-4BD7-BDB0-7B6CCFB9906A}
		{F45E855E-60D8-4EFC-B0C7-45F80E7D84C8} = {30C49F94-DC9B-4BD7-BDB0-7B6CCFB9906A}
		{8DD1FA56-EE93-4CCE-82BF-F54F4A0D9EF7} = {30C49F94-DC9B-4BD7-BDB0-7B6CCFB9906A}
		{3A552C54-8FBE-4614-ABE9-38994DA14D17} = {30C49F94-DC9B-4BD7-BDB0-7B6CCFB9906A}
		{9526BDA0-5701-4228-8436-656F99ECFD2C} = {30C49F94-DC9B-4BD7-BDB0-7B6CCFB9906A}
		{210EAFEB-6FE7-455F-B01C-B45C0112C2C1} = {30C49F94-DC9B-4BD7-BDB0-7B6CCFB9906A}
		{41A4BF77-8763-43FD-92F3-07A67E4D319D} = {30C49F94-DC9B-4BD7-BDB0-7B6CCFB9906A}
		{49BC9BBE-950A-46F6-BD92-A5FC9D49A94E} = {30C49F94-DC9B-4BD7-BDB0-7B6CCFB9906A}
		{B9F41F7A-D5BA-4BF7-8B31-A33035B97A70} = {5B24CD65-5049-4D2D-84AA-2E1CBD79C3EE}
		{BF0687F3-C40F-4A49-A207-787D20A8B76F} = {D606AC3A-EEC9-4179-B5C8-B2DE97EDEEB4}
		{F41435ED-AE54-497B-A0D5-FC1BA35820A5} = {1ADAAEEC-DBB2-4431-B7C2-3557ECE4577D}
		{6DFFD0BB-5E88-40F8-A294-3B039CE5A72F} = {61BFE652-848E-40A6-AB00-B67A958255C2}
		{9AE1D6CB-4308-4D30-93B4-6EF97B14EA2A} = {0D54353B-2978-49E0-AD9A-0E06C1C89114}
		{49E95D35-09AE-4943-91AD-0653FF51E111} = {BD08A3BB-79F0-4F21-BA14-98D5F675F70C}
		{F43358E1-E775-456A-8CCE-F0E2A37693F7} = {CAA41CBB-E55A-429E-A8BA-1BA74F51134C}
		{6D1CC61E-FC6C-4BBD-804D-0443EDDE0AEC} = {D0105158-3B9D-44D7-9EF0-A2E9191CE138}
		{5D754D0D-5F1B-4647-BA13-7E666CB48B52} = {2F33EB91-DE18-4FDD-902E-BAE9C224B6CA}
		{C58BE780-0695-4A57-952B-4BBEDAD4CA71} = {785CB019-DD85-4141-8FF4-2541A9A443FC}
	EndGlobalSection
EndGlobal
