
Microsoft Visual Studio Solution File, Format Version 12.00
# Visual Studio Version 17
VisualStudioVersion = 17.0.31903.59
MinimumVisualStudioVersion = 10.0.40219.1
Project("{2150E333-8FDC-42A3-9474-1A3956D46DE8}") = "Ze.Core", "Ze.Core", "{21EF4C49-49B1-47C1-9EB5-C24DC73965C4}"
EndProject
Project("{FAE04EC0-301F-11D3-BF4B-00C04F79EFBC}") = "Ze.Core", "Ze.Core\src\Ze.Core.csproj", "{EA7F7F42-3B9C-4729-9AE6-41B601D4F79D}"
EndProject
Project("{2150E333-8FDC-42A3-9474-1A3956D46DE8}") = "Ze.Data", "Ze.Data", "{E3909A89-BC14-4256-869F-25E566BE551C}"
EndProject
Project("{FAE04EC0-301F-11D3-BF4B-00C04F79EFBC}") = "Ze.Data", "Ze.Data\src\Ze.Data.csproj", "{F9B027E7-4C0C-44CD-9482-3FBD07B62B23}"
EndProject
Project("{2150E333-8FDC-42A3-9474-1A3956D46DE8}") = "Ze.Domain", "Ze.Domain", "{7EEEBBB3-B8F9-4D1C-BC3E-A1D7429071F4}"
EndProject
Project("{FAE04EC0-301F-11D3-BF4B-00C04F79EFBC}") = "Ze.Domain", "Ze.Domain\src\Ze.Domain.csproj", "{B7E1A7C5-E224-46D6-AD93-C2661B07180B}"
EndProject
Project("{2150E333-8FDC-42A3-9474-1A3956D46DE8}") = "Ze", "Ze", "{CF24681F-4B7B-4D82-A011-399EA82079C6}"
EndProject
Project("{FAE04EC0-301F-11D3-BF4B-00C04F79EFBC}") = "Ze", "Ze\src\Ze.csproj", "{6FD92901-2018-48D8-94DD-0F4FE297130C}"
EndProject
Project("{2150E333-8FDC-42A3-9474-1A3956D46DE8}") = ".root", ".root", "{69EE5DFE-57DB-4325-BF1B-68C4786B34B6}"
	ProjectSection(SolutionItems) = preProject
		..\Directory.Build.props = ..\Directory.Build.props
		..\Directory.Build.targets = ..\Directory.Build.targets
		..\Directory.Packages.props = ..\Directory.Packages.props
		..\LICENSE.md = ..\LICENSE.md
		..\omnisharp.json = ..\omnisharp.json
		..\README.md = ..\README.md
		..\version.json = ..\version.json
	EndProjectSection
EndProject
Project("{2150E333-8FDC-42A3-9474-1A3956D46DE8}") = ".project", ".project", "{329D8214-FC14-4AD9-8BCC-A773FAF77F82}"
	ProjectSection(SolutionItems) = preProject
		justfile = justfile
	EndProjectSection
EndProject
Project("{FAE04EC0-301F-11D3-BF4B-00C04F79EFBC}") = "Bearz.Standard", "..\netfx\Standard\src\Bearz.Standard.csproj", "{C7E6B9E5-EE54-4D73-84B5-978EA212CFBB}"
EndProject
Project("{2150E333-8FDC-42A3-9474-1A3956D46DE8}") = "Bearz", "Bearz", "{30C49F94-DC9B-4BD7-BDB0-7B6CCFB9906A}"
EndProject
Project("{FAE04EC0-301F-11D3-BF4B-00C04F79EFBC}") = "Bearz.Xunit.Asserts", "..\netfx\Xunit.Asserts\src\Bearz.Xunit.Asserts.csproj", "{FFFE50C8-C217-4559-BA93-88F182E57D77}"
EndProject
Project("{FAE04EC0-301F-11D3-BF4B-00C04F79EFBC}") = "Bearz.Xunit.Attributes", "..\netfx\Xunit.Attributes\src\Bearz.Xunit.Attributes.csproj", "{FC2C221C-EB39-4DC3-AC8A-325616EFEA59}"
EndProject
Project("{FAE04EC0-301F-11D3-BF4B-00C04F79EFBC}") = "Bearz.Xunit.Core", "..\netfx\Xunit.Core\src\Bearz.Xunit.Core.csproj", "{1ABF129E-CE50-4138-A918-0BA46A86DDF5}"
EndProject
Project("{FAE04EC0-301F-11D3-BF4B-00C04F79EFBC}") = "Bearz.Stardard.Tests", "..\netfx\Standard\test\Bearz.Stardard.Tests.csproj", "{F3DAB552-3CBD-4637-BC4D-9A9E43096A40}"
EndProject
Project("{FAE04EC0-301F-11D3-BF4B-00C04F79EFBC}") = "Bearz.Extensions.Hosting.CommandLine", "..\netfx\Extensions.Hosting.CommandLine\src\Bearz.Extensions.Hosting.CommandLine.csproj", "{F45E855E-60D8-4EFC-B0C7-45F80E7D84C8}"
EndProject
Project("{FAE04EC0-301F-11D3-BF4B-00C04F79EFBC}") = "Bearz.Text.DotEnv", "..\netfx\Text.DotEnv\src\Bearz.Text.DotEnv.csproj", "{8DD1FA56-EE93-4CCE-82BF-F54F4A0D9EF7}"
EndProject
Project("{FAE04EC0-301F-11D3-BF4B-00C04F79EFBC}") = "Bearz.Security.Cryptography", "..\netfx\Security.Cryptography\src\Bearz.Security.Cryptography.csproj", "{3A552C54-8FBE-4614-ABE9-38994DA14D17}"
EndProject
Project("{FAE04EC0-301F-11D3-BF4B-00C04F79EFBC}") = "Bearz.Security.Cryptography.X509Certificates", "..\netfx\Security.Cryptography.X509Certificates\src\Bearz.Security.Cryptography.X509Certificates.csproj", "{9526BDA0-5701-4228-8436-656F99ECFD2C}"
EndProject
Project("{FAE04EC0-301F-11D3-BF4B-00C04F79EFBC}") = "Bearz.Virtual.Environment.Abstractions", "..\netfx\Virtual.Environment.Abstractions\src\Bearz.Virtual.Environment.Abstractions.csproj", "{DFDAE08A-7ABD-4D17-99CB-F85035ABAD37}"
EndProject
Project("{FAE04EC0-301F-11D3-BF4B-00C04F79EFBC}") = "Bearz.Virtual.FileSystem.Abstractions", "..\netfx\Virtual.FileSystem.Abstractions\src\Bearz.Virtual.FileSystem.Abstractions.csproj", "{B4D3C3EA-B195-420C-8085-8A9A16B6E6DF}"
EndProject
Project("{FAE04EC0-301F-11D3-BF4B-00C04F79EFBC}") = "Bearz.Virtual.Environment", "..\netfx\Virtual.Environment\src\Bearz.Virtual.Environment.csproj", "{82887BEE-BBA3-4D15-B519-37604FE3E284}"
EndProject
Project("{FAE04EC0-301F-11D3-BF4B-00C04F79EFBC}") = "Bearz.Virtual.FileSystem", "..\netfx\Virtual.FileSystem\src\Bearz.Virtual.FileSystem.csproj", "{F3E20418-C926-4C0A-8CEA-E05BEBB32C83}"
EndProject
Project("{FAE04EC0-301F-11D3-BF4B-00C04F79EFBC}") = "Bearz.Extensions.Console.Abstractions", "..\netfx\Extensions.Console.Abstractions\src\Bearz.Extensions.Console.Abstractions.csproj", "{210EAFEB-6FE7-455F-B01C-B45C0112C2C1}"
EndProject
Project("{FAE04EC0-301F-11D3-BF4B-00C04F79EFBC}") = "Bearz.Extensions.Console", "..\netfx\Extensions.Console\src\Bearz.Extensions.Console.csproj", "{41A4BF77-8763-43FD-92F3-07A67E4D319D}"
EndProject
Project("{FAE04EC0-301F-11D3-BF4B-00C04F79EFBC}") = "Bearz.Cli.Execution", "..\netfx\Cli.Execution\src\Bearz.Cli.Execution.csproj", "{49BC9BBE-950A-46F6-BD92-A5FC9D49A94E}"
EndProject
Project("{FAE04EC0-301F-11D3-BF4B-00C04F79EFBC}") = "Bearz.Extensions.Cli.Abstractions", "..\netfx\Extensions.Cli.Abstractions\src\Bearz.Extensions.Cli.Abstractions.csproj", "{DA5C0A6F-4650-4CFB-A2E3-3B887146199B}"
EndProject
Project("{FAE04EC0-301F-11D3-BF4B-00C04F79EFBC}") = "Bearz.Extensions.Cli", "..\netfx\Extensions.Cli\src\Bearz.Extensions.Cli.csproj", "{048C45F4-C88E-4519-8466-EAD8E2D1612E}"
EndProject
Project("{2150E333-8FDC-42A3-9474-1A3956D46DE8}") = "Ze.Cli.Bash", "Ze.Cli.Bash", "{8A90EFB6-9611-4459-BE79-8672FA394362}"
EndProject
Project("{FAE04EC0-301F-11D3-BF4B-00C04F79EFBC}") = "Ze.Cli.Bash", "Ze.Cli.Bash\src\Ze.Cli.Bash.csproj", "{0EEF91AB-012F-4580-80BD-E9D54CFA2641}"
EndProject
Project("{2150E333-8FDC-42A3-9474-1A3956D46DE8}") = "Ze.Cli.PowerShell", "Ze.Cli.PowerShell", "{9599FEC1-CF84-4084-A420-B905E207A338}"
EndProject
Project("{FAE04EC0-301F-11D3-BF4B-00C04F79EFBC}") = "Ze.Cli.PowerShell", "Ze.Cli.PowerShell\src\Ze.Cli.PowerShell.csproj", "{9B0208FE-7846-4F16-BAB5-05B1557B04DA}"
EndProject
Global
	GlobalSection(SolutionConfigurationPlatforms) = preSolution
		Debug|Any CPU = Debug|Any CPU
		Release|Any CPU = Release|Any CPU
	EndGlobalSection
	GlobalSection(SolutionProperties) = preSolution
		HideSolutionNode = FALSE
	EndGlobalSection
	GlobalSection(ProjectConfigurationPlatforms) = postSolution
		{EA7F7F42-3B9C-4729-9AE6-41B601D4F79D}.Debug|Any CPU.ActiveCfg = Debug|Any CPU
		{EA7F7F42-3B9C-4729-9AE6-41B601D4F79D}.Debug|Any CPU.Build.0 = Debug|Any CPU
		{EA7F7F42-3B9C-4729-9AE6-41B601D4F79D}.Release|Any CPU.ActiveCfg = Release|Any CPU
		{EA7F7F42-3B9C-4729-9AE6-41B601D4F79D}.Release|Any CPU.Build.0 = Release|Any CPU
		{F9B027E7-4C0C-44CD-9482-3FBD07B62B23}.Debug|Any CPU.ActiveCfg = Debug|Any CPU
		{F9B027E7-4C0C-44CD-9482-3FBD07B62B23}.Debug|Any CPU.Build.0 = Debug|Any CPU
		{F9B027E7-4C0C-44CD-9482-3FBD07B62B23}.Release|Any CPU.ActiveCfg = Release|Any CPU
		{F9B027E7-4C0C-44CD-9482-3FBD07B62B23}.Release|Any CPU.Build.0 = Release|Any CPU
		{B7E1A7C5-E224-46D6-AD93-C2661B07180B}.Debug|Any CPU.ActiveCfg = Debug|Any CPU
		{B7E1A7C5-E224-46D6-AD93-C2661B07180B}.Debug|Any CPU.Build.0 = Debug|Any CPU
		{B7E1A7C5-E224-46D6-AD93-C2661B07180B}.Release|Any CPU.ActiveCfg = Release|Any CPU
		{B7E1A7C5-E224-46D6-AD93-C2661B07180B}.Release|Any CPU.Build.0 = Release|Any CPU
		{6FD92901-2018-48D8-94DD-0F4FE297130C}.Debug|Any CPU.ActiveCfg = Debug|Any CPU
		{6FD92901-2018-48D8-94DD-0F4FE297130C}.Debug|Any CPU.Build.0 = Debug|Any CPU
		{6FD92901-2018-48D8-94DD-0F4FE297130C}.Release|Any CPU.ActiveCfg = Release|Any CPU
		{6FD92901-2018-48D8-94DD-0F4FE297130C}.Release|Any CPU.Build.0 = Release|Any CPU
		{C7E6B9E5-EE54-4D73-84B5-978EA212CFBB}.Debug|Any CPU.ActiveCfg = Debug|Any CPU
		{C7E6B9E5-EE54-4D73-84B5-978EA212CFBB}.Debug|Any CPU.Build.0 = Debug|Any CPU
		{C7E6B9E5-EE54-4D73-84B5-978EA212CFBB}.Release|Any CPU.ActiveCfg = Release|Any CPU
		{C7E6B9E5-EE54-4D73-84B5-978EA212CFBB}.Release|Any CPU.Build.0 = Release|Any CPU
		{FFFE50C8-C217-4559-BA93-88F182E57D77}.Debug|Any CPU.ActiveCfg = Debug|Any CPU
		{FFFE50C8-C217-4559-BA93-88F182E57D77}.Debug|Any CPU.Build.0 = Debug|Any CPU
		{FFFE50C8-C217-4559-BA93-88F182E57D77}.Release|Any CPU.ActiveCfg = Release|Any CPU
		{FFFE50C8-C217-4559-BA93-88F182E57D77}.Release|Any CPU.Build.0 = Release|Any CPU
		{FC2C221C-EB39-4DC3-AC8A-325616EFEA59}.Debug|Any CPU.ActiveCfg = Debug|Any CPU
		{FC2C221C-EB39-4DC3-AC8A-325616EFEA59}.Debug|Any CPU.Build.0 = Debug|Any CPU
		{FC2C221C-EB39-4DC3-AC8A-325616EFEA59}.Release|Any CPU.ActiveCfg = Release|Any CPU
		{FC2C221C-EB39-4DC3-AC8A-325616EFEA59}.Release|Any CPU.Build.0 = Release|Any CPU
		{1ABF129E-CE50-4138-A918-0BA46A86DDF5}.Debug|Any CPU.ActiveCfg = Debug|Any CPU
		{1ABF129E-CE50-4138-A918-0BA46A86DDF5}.Debug|Any CPU.Build.0 = Debug|Any CPU
		{1ABF129E-CE50-4138-A918-0BA46A86DDF5}.Release|Any CPU.ActiveCfg = Release|Any CPU
		{1ABF129E-CE50-4138-A918-0BA46A86DDF5}.Release|Any CPU.Build.0 = Release|Any CPU
		{F3DAB552-3CBD-4637-BC4D-9A9E43096A40}.Debug|Any CPU.ActiveCfg = Debug|Any CPU
		{F3DAB552-3CBD-4637-BC4D-9A9E43096A40}.Debug|Any CPU.Build.0 = Debug|Any CPU
		{F3DAB552-3CBD-4637-BC4D-9A9E43096A40}.Release|Any CPU.ActiveCfg = Release|Any CPU
		{F3DAB552-3CBD-4637-BC4D-9A9E43096A40}.Release|Any CPU.Build.0 = Release|Any CPU
		{F45E855E-60D8-4EFC-B0C7-45F80E7D84C8}.Debug|Any CPU.ActiveCfg = Debug|Any CPU
		{F45E855E-60D8-4EFC-B0C7-45F80E7D84C8}.Debug|Any CPU.Build.0 = Debug|Any CPU
		{F45E855E-60D8-4EFC-B0C7-45F80E7D84C8}.Release|Any CPU.ActiveCfg = Release|Any CPU
		{F45E855E-60D8-4EFC-B0C7-45F80E7D84C8}.Release|Any CPU.Build.0 = Release|Any CPU
		{8DD1FA56-EE93-4CCE-82BF-F54F4A0D9EF7}.Debug|Any CPU.ActiveCfg = Debug|Any CPU
		{8DD1FA56-EE93-4CCE-82BF-F54F4A0D9EF7}.Debug|Any CPU.Build.0 = Debug|Any CPU
		{8DD1FA56-EE93-4CCE-82BF-F54F4A0D9EF7}.Release|Any CPU.ActiveCfg = Release|Any CPU
		{8DD1FA56-EE93-4CCE-82BF-F54F4A0D9EF7}.Release|Any CPU.Build.0 = Release|Any CPU
		{3A552C54-8FBE-4614-ABE9-38994DA14D17}.Debug|Any CPU.ActiveCfg = Debug|Any CPU
		{3A552C54-8FBE-4614-ABE9-38994DA14D17}.Debug|Any CPU.Build.0 = Debug|Any CPU
		{3A552C54-8FBE-4614-ABE9-38994DA14D17}.Release|Any CPU.ActiveCfg = Release|Any CPU
		{3A552C54-8FBE-4614-ABE9-38994DA14D17}.Release|Any CPU.Build.0 = Release|Any CPU
		{9526BDA0-5701-4228-8436-656F99ECFD2C}.Debug|Any CPU.ActiveCfg = Debug|Any CPU
		{9526BDA0-5701-4228-8436-656F99ECFD2C}.Debug|Any CPU.Build.0 = Debug|Any CPU
		{9526BDA0-5701-4228-8436-656F99ECFD2C}.Release|Any CPU.ActiveCfg = Release|Any CPU
		{9526BDA0-5701-4228-8436-656F99ECFD2C}.Release|Any CPU.Build.0 = Release|Any CPU
		{DFDAE08A-7ABD-4D17-99CB-F85035ABAD37}.Debug|Any CPU.ActiveCfg = Debug|Any CPU
		{DFDAE08A-7ABD-4D17-99CB-F85035ABAD37}.Debug|Any CPU.Build.0 = Debug|Any CPU
		{DFDAE08A-7ABD-4D17-99CB-F85035ABAD37}.Release|Any CPU.ActiveCfg = Release|Any CPU
		{DFDAE08A-7ABD-4D17-99CB-F85035ABAD37}.Release|Any CPU.Build.0 = Release|Any CPU
		{B4D3C3EA-B195-420C-8085-8A9A16B6E6DF}.Debug|Any CPU.ActiveCfg = Debug|Any CPU
		{B4D3C3EA-B195-420C-8085-8A9A16B6E6DF}.Debug|Any CPU.Build.0 = Debug|Any CPU
		{B4D3C3EA-B195-420C-8085-8A9A16B6E6DF}.Release|Any CPU.ActiveCfg = Release|Any CPU
		{B4D3C3EA-B195-420C-8085-8A9A16B6E6DF}.Release|Any CPU.Build.0 = Release|Any CPU
		{82887BEE-BBA3-4D15-B519-37604FE3E284}.Debug|Any CPU.ActiveCfg = Debug|Any CPU
		{82887BEE-BBA3-4D15-B519-37604FE3E284}.Debug|Any CPU.Build.0 = Debug|Any CPU
		{82887BEE-BBA3-4D15-B519-37604FE3E284}.Release|Any CPU.ActiveCfg = Release|Any CPU
		{82887BEE-BBA3-4D15-B519-37604FE3E284}.Release|Any CPU.Build.0 = Release|Any CPU
		{F3E20418-C926-4C0A-8CEA-E05BEBB32C83}.Debug|Any CPU.ActiveCfg = Debug|Any CPU
		{F3E20418-C926-4C0A-8CEA-E05BEBB32C83}.Debug|Any CPU.Build.0 = Debug|Any CPU
		{F3E20418-C926-4C0A-8CEA-E05BEBB32C83}.Release|Any CPU.ActiveCfg = Release|Any CPU
		{F3E20418-C926-4C0A-8CEA-E05BEBB32C83}.Release|Any CPU.Build.0 = Release|Any CPU
		{210EAFEB-6FE7-455F-B01C-B45C0112C2C1}.Debug|Any CPU.ActiveCfg = Debug|Any CPU
		{210EAFEB-6FE7-455F-B01C-B45C0112C2C1}.Debug|Any CPU.Build.0 = Debug|Any CPU
		{210EAFEB-6FE7-455F-B01C-B45C0112C2C1}.Release|Any CPU.ActiveCfg = Release|Any CPU
		{210EAFEB-6FE7-455F-B01C-B45C0112C2C1}.Release|Any CPU.Build.0 = Release|Any CPU
		{41A4BF77-8763-43FD-92F3-07A67E4D319D}.Debug|Any CPU.ActiveCfg = Debug|Any CPU
		{41A4BF77-8763-43FD-92F3-07A67E4D319D}.Debug|Any CPU.Build.0 = Debug|Any CPU
		{41A4BF77-8763-43FD-92F3-07A67E4D319D}.Release|Any CPU.ActiveCfg = Release|Any CPU
		{41A4BF77-8763-43FD-92F3-07A67E4D319D}.Release|Any CPU.Build.0 = Release|Any CPU
		{49BC9BBE-950A-46F6-BD92-A5FC9D49A94E}.Debug|Any CPU.ActiveCfg = Debug|Any CPU
		{49BC9BBE-950A-46F6-BD92-A5FC9D49A94E}.Debug|Any CPU.Build.0 = Debug|Any CPU
		{49BC9BBE-950A-46F6-BD92-A5FC9D49A94E}.Release|Any CPU.ActiveCfg = Release|Any CPU
		{49BC9BBE-950A-46F6-BD92-A5FC9D49A94E}.Release|Any CPU.Build.0 = Release|Any CPU
		{DA5C0A6F-4650-4CFB-A2E3-3B887146199B}.Debug|Any CPU.ActiveCfg = Debug|Any CPU
		{DA5C0A6F-4650-4CFB-A2E3-3B887146199B}.Debug|Any CPU.Build.0 = Debug|Any CPU
		{DA5C0A6F-4650-4CFB-A2E3-3B887146199B}.Release|Any CPU.ActiveCfg = Release|Any CPU
		{DA5C0A6F-4650-4CFB-A2E3-3B887146199B}.Release|Any CPU.Build.0 = Release|Any CPU
		{048C45F4-C88E-4519-8466-EAD8E2D1612E}.Debug|Any CPU.ActiveCfg = Debug|Any CPU
		{048C45F4-C88E-4519-8466-EAD8E2D1612E}.Debug|Any CPU.Build.0 = Debug|Any CPU
		{048C45F4-C88E-4519-8466-EAD8E2D1612E}.Release|Any CPU.ActiveCfg = Release|Any CPU
		{048C45F4-C88E-4519-8466-EAD8E2D1612E}.Release|Any CPU.Build.0 = Release|Any CPU
		{0EEF91AB-012F-4580-80BD-E9D54CFA2641}.Debug|Any CPU.ActiveCfg = Debug|Any CPU
		{0EEF91AB-012F-4580-80BD-E9D54CFA2641}.Debug|Any CPU.Build.0 = Debug|Any CPU
		{0EEF91AB-012F-4580-80BD-E9D54CFA2641}.Release|Any CPU.ActiveCfg = Release|Any CPU
		{0EEF91AB-012F-4580-80BD-E9D54CFA2641}.Release|Any CPU.Build.0 = Release|Any CPU
		{9B0208FE-7846-4F16-BAB5-05B1557B04DA}.Debug|Any CPU.ActiveCfg = Debug|Any CPU
		{9B0208FE-7846-4F16-BAB5-05B1557B04DA}.Debug|Any CPU.Build.0 = Debug|Any CPU
		{9B0208FE-7846-4F16-BAB5-05B1557B04DA}.Release|Any CPU.ActiveCfg = Release|Any CPU
		{9B0208FE-7846-4F16-BAB5-05B1557B04DA}.Release|Any CPU.Build.0 = Release|Any CPU
	EndGlobalSection
	GlobalSection(NestedProjects) = preSolution
		{EA7F7F42-3B9C-4729-9AE6-41B601D4F79D} = {21EF4C49-49B1-47C1-9EB5-C24DC73965C4}
		{F9B027E7-4C0C-44CD-9482-3FBD07B62B23} = {E3909A89-BC14-4256-869F-25E566BE551C}
		{B7E1A7C5-E224-46D6-AD93-C2661B07180B} = {7EEEBBB3-B8F9-4D1C-BC3E-A1D7429071F4}
		{6FD92901-2018-48D8-94DD-0F4FE297130C} = {CF24681F-4B7B-4D82-A011-399EA82079C6}
		{C7E6B9E5-EE54-4D73-84B5-978EA212CFBB} = {30C49F94-DC9B-4BD7-BDB0-7B6CCFB9906A}
		{FFFE50C8-C217-4559-BA93-88F182E57D77} = {30C49F94-DC9B-4BD7-BDB0-7B6CCFB9906A}
		{FC2C221C-EB39-4DC3-AC8A-325616EFEA59} = {30C49F94-DC9B-4BD7-BDB0-7B6CCFB9906A}
		{1ABF129E-CE50-4138-A918-0BA46A86DDF5} = {30C49F94-DC9B-4BD7-BDB0-7B6CCFB9906A}
		{F3DAB552-3CBD-4637-BC4D-9A9E43096A40} = {30C49F94-DC9B-4BD7-BDB0-7B6CCFB9906A}
		{F45E855E-60D8-4EFC-B0C7-45F80E7D84C8} = {30C49F94-DC9B-4BD7-BDB0-7B6CCFB9906A}
		{8DD1FA56-EE93-4CCE-82BF-F54F4A0D9EF7} = {30C49F94-DC9B-4BD7-BDB0-7B6CCFB9906A}
		{3A552C54-8FBE-4614-ABE9-38994DA14D17} = {30C49F94-DC9B-4BD7-BDB0-7B6CCFB9906A}
		{9526BDA0-5701-4228-8436-656F99ECFD2C} = {30C49F94-DC9B-4BD7-BDB0-7B6CCFB9906A}
		{DFDAE08A-7ABD-4D17-99CB-F85035ABAD37} = {30C49F94-DC9B-4BD7-BDB0-7B6CCFB9906A}
		{B4D3C3EA-B195-420C-8085-8A9A16B6E6DF} = {30C49F94-DC9B-4BD7-BDB0-7B6CCFB9906A}
		{82887BEE-BBA3-4D15-B519-37604FE3E284} = {30C49F94-DC9B-4BD7-BDB0-7B6CCFB9906A}
		{F3E20418-C926-4C0A-8CEA-E05BEBB32C83} = {30C49F94-DC9B-4BD7-BDB0-7B6CCFB9906A}
		{210EAFEB-6FE7-455F-B01C-B45C0112C2C1} = {30C49F94-DC9B-4BD7-BDB0-7B6CCFB9906A}
		{41A4BF77-8763-43FD-92F3-07A67E4D319D} = {30C49F94-DC9B-4BD7-BDB0-7B6CCFB9906A}
		{49BC9BBE-950A-46F6-BD92-A5FC9D49A94E} = {30C49F94-DC9B-4BD7-BDB0-7B6CCFB9906A}
		{DA5C0A6F-4650-4CFB-A2E3-3B887146199B} = {30C49F94-DC9B-4BD7-BDB0-7B6CCFB9906A}
		{048C45F4-C88E-4519-8466-EAD8E2D1612E} = {30C49F94-DC9B-4BD7-BDB0-7B6CCFB9906A}
		{0EEF91AB-012F-4580-80BD-E9D54CFA2641} = {8A90EFB6-9611-4459-BE79-8672FA394362}
		{9B0208FE-7846-4F16-BAB5-05B1557B04DA} = {9599FEC1-CF84-4084-A420-B905E207A338}
	EndGlobalSection
EndGlobal
